// !$*UTF8*$!
{
	archiveVersion = 1;
	classes = {
	};
	objectVersion = 56;
	objects = {

/* Begin PBXBuildFile section */
		3C0894C32A4E6AF900C6E7CD /* SettingViewController.swift in Sources */ = {isa = PBXBuildFile; fileRef = 3C0894C22A4E6AF900C6E7CD /* SettingViewController.swift */; };
		3C0894C62A4E7D4C00C6E7CD /* SettingViewModel.swift in Sources */ = {isa = PBXBuildFile; fileRef = 3C0894C52A4E7D4C00C6E7CD /* SettingViewModel.swift */; };
		3C1B36902A3441D300749774 /* ConstantImage.swift in Sources */ = {isa = PBXBuildFile; fileRef = 3C1B368F2A3441D300749774 /* ConstantImage.swift */; };
		3C1B36922A34460000749774 /* CameraAlbumAccess.swift in Sources */ = {isa = PBXBuildFile; fileRef = 3C1B36912A34460000749774 /* CameraAlbumAccess.swift */; };
		3C1C1B372A16072900A3D0A0 /* ConstantText.swift in Sources */ = {isa = PBXBuildFile; fileRef = 3C1C1B362A16072900A3D0A0 /* ConstantText.swift */; };
		3C2E18D629FBCC5F00E8E9C6 /* AppDelegate.swift in Sources */ = {isa = PBXBuildFile; fileRef = 3C2E18D529FBCC5F00E8E9C6 /* AppDelegate.swift */; };
		3C2E18D829FBCC5F00E8E9C6 /* SceneDelegate.swift in Sources */ = {isa = PBXBuildFile; fileRef = 3C2E18D729FBCC5F00E8E9C6 /* SceneDelegate.swift */; };
		3C2E18DA29FBCC5F00E8E9C6 /* MainViewController.swift in Sources */ = {isa = PBXBuildFile; fileRef = 3C2E18D929FBCC5F00E8E9C6 /* MainViewController.swift */; };
		3C2E18E029FBCC5F00E8E9C6 /* ReceiptManager.xcdatamodeld in Sources */ = {isa = PBXBuildFile; fileRef = 3C2E18DE29FBCC5F00E8E9C6 /* ReceiptManager.xcdatamodeld */; };
		3C2E18E229FBCC6100E8E9C6 /* Assets.xcassets in Resources */ = {isa = PBXBuildFile; fileRef = 3C2E18E129FBCC6100E8E9C6 /* Assets.xcassets */; };
		3C2E18E529FBCC6100E8E9C6 /* LaunchScreen.storyboard in Resources */ = {isa = PBXBuildFile; fileRef = 3C2E18E329FBCC6100E8E9C6 /* LaunchScreen.storyboard */; };
		3C333E262A31F35C00E8C28A /* SearchView.swift in Sources */ = {isa = PBXBuildFile; fileRef = 3C333E252A31F35C00E8C28A /* SearchView.swift */; };
		3C3E95652A14BAB80020A0FE /* NumberFormatter+Extension.swift in Sources */ = {isa = PBXBuildFile; fileRef = 3C3E95642A14BAB80020A0FE /* NumberFormatter+Extension.swift */; };
		3C485BBF2A28912D007F7229 /* ComposeInformationView.swift in Sources */ = {isa = PBXBuildFile; fileRef = 3C485BBE2A28912D007F7229 /* ComposeInformationView.swift */; };
		3C56C65A2A08EAFE0058869C /* ConstantColor.swift in Sources */ = {isa = PBXBuildFile; fileRef = 3C56C6592A08EAFE0058869C /* ConstantColor.swift */; };
		3C56C65C2A08ECED0058869C /* ListTableViewCell.swift in Sources */ = {isa = PBXBuildFile; fileRef = 3C56C65B2A08ECED0058869C /* ListTableViewCell.swift */; };
		3C56C65F2A0963A50058869C /* CellReuseIdentifiable.swift in Sources */ = {isa = PBXBuildFile; fileRef = 3C56C65E2A0963A50058869C /* CellReuseIdentifiable.swift */; };
		3C6C06FB2A013FC100974AD3 /* SceneCoordinator.swift in Sources */ = {isa = PBXBuildFile; fileRef = 3C6C06FA2A013FC100974AD3 /* SceneCoordinator.swift */; };
		3C6C06FD2A01408300974AD3 /* DefaultSceneCoordinator.swift in Sources */ = {isa = PBXBuildFile; fileRef = 3C6C06FC2A01408300974AD3 /* DefaultSceneCoordinator.swift */; };
		3C7DBD722A2211A400DA0EF8 /* UIViewController+Extension.swift in Sources */ = {isa = PBXBuildFile; fileRef = 3C7DBD712A2211A400DA0EF8 /* UIViewController+Extension.swift */; };
		3C86FB882A1B407A000CC99B /* SelectImageViewController.swift in Sources */ = {isa = PBXBuildFile; fileRef = 3C86FB872A1B407A000CC99B /* SelectImageViewController.swift */; };
		3C86FB8A2A1B40BD000CC99B /* SelectImageViewModel.swift in Sources */ = {isa = PBXBuildFile; fileRef = 3C86FB892A1B40BD000CC99B /* SelectImageViewModel.swift */; };
		3C86FB8C2A1B90ED000CC99B /* ImagePickerCell.swift in Sources */ = {isa = PBXBuildFile; fileRef = 3C86FB8B2A1B90ED000CC99B /* ImagePickerCell.swift */; };
		3C9AA3422A00EF9B0014807B /* CommonViewModel.swift in Sources */ = {isa = PBXBuildFile; fileRef = 3C9AA3412A00EF9B0014807B /* CommonViewModel.swift */; };
		3C9AA3462A0117D60014807B /* UIButton+Extension.swift in Sources */ = {isa = PBXBuildFile; fileRef = 3C9AA3452A0117D60014807B /* UIButton+Extension.swift */; };
		3C9AA3482A012C880014807B /* TitleView.swift in Sources */ = {isa = PBXBuildFile; fileRef = 3C9AA3472A012C880014807B /* TitleView.swift */; };
		3C9AA34B2A012EDA0014807B /* Transition.swift in Sources */ = {isa = PBXBuildFile; fileRef = 3C9AA34A2A012EDA0014807B /* Transition.swift */; };
		3C9AA3502A012FC20014807B /* ListViewController.swift in Sources */ = {isa = PBXBuildFile; fileRef = 3C9AA34F2A012FC20014807B /* ListViewController.swift */; };
		3C9AA3532A012FE60014807B /* FavoriteListViewController.swift in Sources */ = {isa = PBXBuildFile; fileRef = 3C9AA3522A012FE60014807B /* FavoriteListViewController.swift */; };
		3C9AA3572A01301F0014807B /* DetailViewController.swift in Sources */ = {isa = PBXBuildFile; fileRef = 3C9AA3562A01301F0014807B /* DetailViewController.swift */; };
		3C9AA3592A0130310014807B /* ComposeViewController.swift in Sources */ = {isa = PBXBuildFile; fileRef = 3C9AA3582A0130310014807B /* ComposeViewController.swift */; };
		3C9AA35B2A0130490014807B /* ListViewModel.swift in Sources */ = {isa = PBXBuildFile; fileRef = 3C9AA35A2A0130490014807B /* ListViewModel.swift */; };
		3C9AA35D2A0130570014807B /* FavoriteListViewModel.swift in Sources */ = {isa = PBXBuildFile; fileRef = 3C9AA35C2A0130570014807B /* FavoriteListViewModel.swift */; };
		3C9AA35F2A0130620014807B /* ComposeViewModel.swift in Sources */ = {isa = PBXBuildFile; fileRef = 3C9AA35E2A0130620014807B /* ComposeViewModel.swift */; };
		3C9AA3612A01306C0014807B /* DetailViewModel.swift in Sources */ = {isa = PBXBuildFile; fileRef = 3C9AA3602A01306C0014807B /* DetailViewModel.swift */; };
		3C9AA3632A0130FA0014807B /* Scene.swift in Sources */ = {isa = PBXBuildFile; fileRef = 3C9AA3622A0130FA0014807B /* Scene.swift */; };
		3C9AA3652A0135110014807B /* ViewModelBindable.swift in Sources */ = {isa = PBXBuildFile; fileRef = 3C9AA3642A0135110014807B /* ViewModelBindable.swift */; };
		3CAF8AF22A162444002251DD /* LargeImageViewController.swift in Sources */ = {isa = PBXBuildFile; fileRef = 3CAF8AF12A162444002251DD /* LargeImageViewController.swift */; };
		3CAF8AF42A1627BA002251DD /* LargeImageViewModel.swift in Sources */ = {isa = PBXBuildFile; fileRef = 3CAF8AF32A1627BA002251DD /* LargeImageViewModel.swift */; };
		3CB4CF3E2A13486600E9CBAB /* DateFormatter+Extension.swift in Sources */ = {isa = PBXBuildFile; fileRef = 3CB4CF3D2A13486600E9CBAB /* DateFormatter+Extension.swift */; };
		3CB4CF402A13768900E9CBAB /* UIStackView+Extension.swift in Sources */ = {isa = PBXBuildFile; fileRef = 3CB4CF3F2A13768900E9CBAB /* UIStackView+Extension.swift */; };
		3CB4CF422A13D78000E9CBAB /* UIImage+Extension.swift in Sources */ = {isa = PBXBuildFile; fileRef = 3CB4CF412A13D78000E9CBAB /* UIImage+Extension.swift */; };
		3CB563F92A286D22008A6CD0 /* OCRTextExtractable.swift in Sources */ = {isa = PBXBuildFile; fileRef = 3CB563F82A286D22008A6CD0 /* OCRTextExtractable.swift */; };
		3CB563FB2A287C39008A6CD0 /* OCRResult.swift in Sources */ = {isa = PBXBuildFile; fileRef = 3CB563FA2A287C39008A6CD0 /* OCRResult.swift */; };
		3CC893B72A0CC06900055872 /* UILabel+Extension.swift in Sources */ = {isa = PBXBuildFile; fileRef = 3CC893B62A0CC06900055872 /* UILabel+Extension.swift */; };
		3CC893B92A0CC07400055872 /* UITextField+Extension.swift in Sources */ = {isa = PBXBuildFile; fileRef = 3CC893B82A0CC07400055872 /* UITextField+Extension.swift */; };
		3CC893BB2A0CCCDB00055872 /* ImageCell.swift in Sources */ = {isa = PBXBuildFile; fileRef = 3CC893BA2A0CCCDB00055872 /* ImageCell.swift */; };
		3CDCDC4529FBDF1200C2BEF6 /* .swiftlint.yml in Resources */ = {isa = PBXBuildFile; fileRef = 3CDCDC4429FBDF1200C2BEF6 /* .swiftlint.yml */; };
		3CDCDC4E29FC00C700C2BEF6 /* Receipt.swift in Sources */ = {isa = PBXBuildFile; fileRef = 3CDCDC4D29FC00C700C2BEF6 /* Receipt.swift */; };
		3CDCDC5029FC02B300C2BEF6 /* PayType.swift in Sources */ = {isa = PBXBuildFile; fileRef = 3CDCDC4F29FC02B300C2BEF6 /* PayType.swift */; };
		3CDCDC5329FC03E400C2BEF6 /* ReceiptStorage.swift in Sources */ = {isa = PBXBuildFile; fileRef = 3CDCDC5229FC03E400C2BEF6 /* ReceiptStorage.swift */; };
		3CDCDC5529FC050B00C2BEF6 /* CoreDataStorage.swift in Sources */ = {isa = PBXBuildFile; fileRef = 3CDCDC5429FC050B00C2BEF6 /* CoreDataStorage.swift */; };
		3CE07C592A4C841100C1AE73 /* Localizable.strings in Resources */ = {isa = PBXBuildFile; fileRef = 3CE07C5B2A4C841100C1AE73 /* Localizable.strings */; };
		3CF106B42A4DBD250056874B /* InfoPlist.strings in Resources */ = {isa = PBXBuildFile; fileRef = 3CF106B62A4DBD250056874B /* InfoPlist.strings */; };
		3CF8BA2D2A4D6F68002A18D0 /* String+Extension.swift in Sources */ = {isa = PBXBuildFile; fileRef = 3CF8BA2C2A4D6F68002A18D0 /* String+Extension.swift */; };
		3CFD22FC29FE4CA300AE59C7 /* MainViewModel.swift in Sources */ = {isa = PBXBuildFile; fileRef = 3CFD22FB29FE4CA300AE59C7 /* MainViewModel.swift */; };
		40778D58168C62146784F787 /* Pods_ReceiptManager.framework in Frameworks */ = {isa = PBXBuildFile; fileRef = 8FD09967D8B2B9436C3C7669 /* Pods_ReceiptManager.framework */; };
/* End PBXBuildFile section */

/* Begin PBXFileReference section */
		0DEC07D71F2903D2A0731BC0 /* Pods-ReceiptManager.release.xcconfig */ = {isa = PBXFileReference; includeInIndex = 1; lastKnownFileType = text.xcconfig; name = "Pods-ReceiptManager.release.xcconfig"; path = "Target Support Files/Pods-ReceiptManager/Pods-ReceiptManager.release.xcconfig"; sourceTree = "<group>"; };
		1A63657D9626345E468AA028 /* Pods-ReceiptManager.debug.xcconfig */ = {isa = PBXFileReference; includeInIndex = 1; lastKnownFileType = text.xcconfig; name = "Pods-ReceiptManager.debug.xcconfig"; path = "Target Support Files/Pods-ReceiptManager/Pods-ReceiptManager.debug.xcconfig"; sourceTree = "<group>"; };
		3C0894BF2A4DD4B300C6E7CD /* ja */ = {isa = PBXFileReference; lastKnownFileType = text.plist.strings; name = ja; path = ja.lproj/Localizable.strings; sourceTree = "<group>"; };
		3C0894C02A4DD4B300C6E7CD /* ja */ = {isa = PBXFileReference; lastKnownFileType = text.plist.strings; name = ja; path = ja.lproj/InfoPlist.strings; sourceTree = "<group>"; };
		3C0894C22A4E6AF900C6E7CD /* SettingViewController.swift */ = {isa = PBXFileReference; lastKnownFileType = sourcecode.swift; path = SettingViewController.swift; sourceTree = "<group>"; };
		3C0894C52A4E7D4C00C6E7CD /* SettingViewModel.swift */ = {isa = PBXFileReference; lastKnownFileType = sourcecode.swift; path = SettingViewModel.swift; sourceTree = "<group>"; };
		3C1B368F2A3441D300749774 /* ConstantImage.swift */ = {isa = PBXFileReference; lastKnownFileType = sourcecode.swift; path = ConstantImage.swift; sourceTree = "<group>"; };
		3C1B36912A34460000749774 /* CameraAlbumAccess.swift */ = {isa = PBXFileReference; lastKnownFileType = sourcecode.swift; path = CameraAlbumAccess.swift; sourceTree = "<group>"; };
		3C1C1B362A16072900A3D0A0 /* ConstantText.swift */ = {isa = PBXFileReference; lastKnownFileType = sourcecode.swift; path = ConstantText.swift; sourceTree = "<group>"; };
		3C2E18D229FBCC5F00E8E9C6 /* ReceiptManager.app */ = {isa = PBXFileReference; explicitFileType = wrapper.application; includeInIndex = 0; path = ReceiptManager.app; sourceTree = BUILT_PRODUCTS_DIR; };
		3C2E18D529FBCC5F00E8E9C6 /* AppDelegate.swift */ = {isa = PBXFileReference; lastKnownFileType = sourcecode.swift; path = AppDelegate.swift; sourceTree = "<group>"; };
		3C2E18D729FBCC5F00E8E9C6 /* SceneDelegate.swift */ = {isa = PBXFileReference; lastKnownFileType = sourcecode.swift; path = SceneDelegate.swift; sourceTree = "<group>"; };
		3C2E18D929FBCC5F00E8E9C6 /* MainViewController.swift */ = {isa = PBXFileReference; lastKnownFileType = sourcecode.swift; path = MainViewController.swift; sourceTree = "<group>"; };
		3C2E18DF29FBCC5F00E8E9C6 /* ReceiptManager.xcdatamodel */ = {isa = PBXFileReference; lastKnownFileType = wrapper.xcdatamodel; path = ReceiptManager.xcdatamodel; sourceTree = "<group>"; };
		3C2E18E129FBCC6100E8E9C6 /* Assets.xcassets */ = {isa = PBXFileReference; lastKnownFileType = folder.assetcatalog; path = Assets.xcassets; sourceTree = "<group>"; };
		3C2E18E429FBCC6100E8E9C6 /* Base */ = {isa = PBXFileReference; lastKnownFileType = file.storyboard; name = Base; path = Base.lproj/LaunchScreen.storyboard; sourceTree = "<group>"; };
		3C2E18E629FBCC6100E8E9C6 /* Info.plist */ = {isa = PBXFileReference; lastKnownFileType = text.plist.xml; path = Info.plist; sourceTree = "<group>"; };
		3C333E252A31F35C00E8C28A /* SearchView.swift */ = {isa = PBXFileReference; lastKnownFileType = sourcecode.swift; path = SearchView.swift; sourceTree = "<group>"; };
		3C3E95642A14BAB80020A0FE /* NumberFormatter+Extension.swift */ = {isa = PBXFileReference; lastKnownFileType = sourcecode.swift; path = "NumberFormatter+Extension.swift"; sourceTree = "<group>"; };
		3C485BBE2A28912D007F7229 /* ComposeInformationView.swift */ = {isa = PBXFileReference; lastKnownFileType = sourcecode.swift; path = ComposeInformationView.swift; sourceTree = "<group>"; };
		3C56C6592A08EAFE0058869C /* ConstantColor.swift */ = {isa = PBXFileReference; lastKnownFileType = sourcecode.swift; path = ConstantColor.swift; sourceTree = "<group>"; };
		3C56C65B2A08ECED0058869C /* ListTableViewCell.swift */ = {isa = PBXFileReference; lastKnownFileType = sourcecode.swift; path = ListTableViewCell.swift; sourceTree = "<group>"; };
		3C56C65E2A0963A50058869C /* CellReuseIdentifiable.swift */ = {isa = PBXFileReference; lastKnownFileType = sourcecode.swift; path = CellReuseIdentifiable.swift; sourceTree = "<group>"; };
		3C6C06FA2A013FC100974AD3 /* SceneCoordinator.swift */ = {isa = PBXFileReference; lastKnownFileType = sourcecode.swift; path = SceneCoordinator.swift; sourceTree = "<group>"; };
		3C6C06FC2A01408300974AD3 /* DefaultSceneCoordinator.swift */ = {isa = PBXFileReference; lastKnownFileType = sourcecode.swift; path = DefaultSceneCoordinator.swift; sourceTree = "<group>"; };
		3C7DBD712A2211A400DA0EF8 /* UIViewController+Extension.swift */ = {isa = PBXFileReference; lastKnownFileType = sourcecode.swift; path = "UIViewController+Extension.swift"; sourceTree = "<group>"; };
		3C86FB872A1B407A000CC99B /* SelectImageViewController.swift */ = {isa = PBXFileReference; lastKnownFileType = sourcecode.swift; path = SelectImageViewController.swift; sourceTree = "<group>"; };
		3C86FB892A1B40BD000CC99B /* SelectImageViewModel.swift */ = {isa = PBXFileReference; lastKnownFileType = sourcecode.swift; path = SelectImageViewModel.swift; sourceTree = "<group>"; };
		3C86FB8B2A1B90ED000CC99B /* ImagePickerCell.swift */ = {isa = PBXFileReference; lastKnownFileType = sourcecode.swift; path = ImagePickerCell.swift; sourceTree = "<group>"; };
		3C9AA3412A00EF9B0014807B /* CommonViewModel.swift */ = {isa = PBXFileReference; lastKnownFileType = sourcecode.swift; path = CommonViewModel.swift; sourceTree = "<group>"; };
		3C9AA3452A0117D60014807B /* UIButton+Extension.swift */ = {isa = PBXFileReference; lastKnownFileType = sourcecode.swift; path = "UIButton+Extension.swift"; sourceTree = "<group>"; };
		3C9AA3472A012C880014807B /* TitleView.swift */ = {isa = PBXFileReference; lastKnownFileType = sourcecode.swift; path = TitleView.swift; sourceTree = "<group>"; };
		3C9AA34A2A012EDA0014807B /* Transition.swift */ = {isa = PBXFileReference; lastKnownFileType = sourcecode.swift; path = Transition.swift; sourceTree = "<group>"; };
		3C9AA34F2A012FC20014807B /* ListViewController.swift */ = {isa = PBXFileReference; lastKnownFileType = sourcecode.swift; path = ListViewController.swift; sourceTree = "<group>"; };
		3C9AA3522A012FE60014807B /* FavoriteListViewController.swift */ = {isa = PBXFileReference; lastKnownFileType = sourcecode.swift; path = FavoriteListViewController.swift; sourceTree = "<group>"; };
		3C9AA3562A01301F0014807B /* DetailViewController.swift */ = {isa = PBXFileReference; lastKnownFileType = sourcecode.swift; path = DetailViewController.swift; sourceTree = "<group>"; };
		3C9AA3582A0130310014807B /* ComposeViewController.swift */ = {isa = PBXFileReference; lastKnownFileType = sourcecode.swift; path = ComposeViewController.swift; sourceTree = "<group>"; };
		3C9AA35A2A0130490014807B /* ListViewModel.swift */ = {isa = PBXFileReference; lastKnownFileType = sourcecode.swift; path = ListViewModel.swift; sourceTree = "<group>"; };
		3C9AA35C2A0130570014807B /* FavoriteListViewModel.swift */ = {isa = PBXFileReference; lastKnownFileType = sourcecode.swift; path = FavoriteListViewModel.swift; sourceTree = "<group>"; };
		3C9AA35E2A0130620014807B /* ComposeViewModel.swift */ = {isa = PBXFileReference; lastKnownFileType = sourcecode.swift; path = ComposeViewModel.swift; sourceTree = "<group>"; };
		3C9AA3602A01306C0014807B /* DetailViewModel.swift */ = {isa = PBXFileReference; lastKnownFileType = sourcecode.swift; path = DetailViewModel.swift; sourceTree = "<group>"; };
		3C9AA3622A0130FA0014807B /* Scene.swift */ = {isa = PBXFileReference; lastKnownFileType = sourcecode.swift; path = Scene.swift; sourceTree = "<group>"; };
		3C9AA3642A0135110014807B /* ViewModelBindable.swift */ = {isa = PBXFileReference; lastKnownFileType = sourcecode.swift; path = ViewModelBindable.swift; sourceTree = "<group>"; };
		3CAF8AF12A162444002251DD /* LargeImageViewController.swift */ = {isa = PBXFileReference; lastKnownFileType = sourcecode.swift; path = LargeImageViewController.swift; sourceTree = "<group>"; };
		3CAF8AF32A1627BA002251DD /* LargeImageViewModel.swift */ = {isa = PBXFileReference; lastKnownFileType = sourcecode.swift; path = LargeImageViewModel.swift; sourceTree = "<group>"; };
		3CB4CF3D2A13486600E9CBAB /* DateFormatter+Extension.swift */ = {isa = PBXFileReference; lastKnownFileType = sourcecode.swift; path = "DateFormatter+Extension.swift"; sourceTree = "<group>"; };
		3CB4CF3F2A13768900E9CBAB /* UIStackView+Extension.swift */ = {isa = PBXFileReference; lastKnownFileType = sourcecode.swift; path = "UIStackView+Extension.swift"; sourceTree = "<group>"; };
		3CB4CF412A13D78000E9CBAB /* UIImage+Extension.swift */ = {isa = PBXFileReference; lastKnownFileType = sourcecode.swift; path = "UIImage+Extension.swift"; sourceTree = "<group>"; };
		3CB563F82A286D22008A6CD0 /* OCRTextExtractable.swift */ = {isa = PBXFileReference; lastKnownFileType = sourcecode.swift; path = OCRTextExtractable.swift; sourceTree = "<group>"; };
		3CB563FA2A287C39008A6CD0 /* OCRResult.swift */ = {isa = PBXFileReference; lastKnownFileType = sourcecode.swift; path = OCRResult.swift; sourceTree = "<group>"; };
		3CC893B62A0CC06900055872 /* UILabel+Extension.swift */ = {isa = PBXFileReference; lastKnownFileType = sourcecode.swift; path = "UILabel+Extension.swift"; sourceTree = "<group>"; };
		3CC893B82A0CC07400055872 /* UITextField+Extension.swift */ = {isa = PBXFileReference; lastKnownFileType = sourcecode.swift; path = "UITextField+Extension.swift"; sourceTree = "<group>"; };
		3CC893BA2A0CCCDB00055872 /* ImageCell.swift */ = {isa = PBXFileReference; lastKnownFileType = sourcecode.swift; path = ImageCell.swift; sourceTree = "<group>"; };
		3CDCDC4429FBDF1200C2BEF6 /* .swiftlint.yml */ = {isa = PBXFileReference; lastKnownFileType = text.yaml; path = .swiftlint.yml; sourceTree = "<group>"; };
		3CDCDC4D29FC00C700C2BEF6 /* Receipt.swift */ = {isa = PBXFileReference; lastKnownFileType = sourcecode.swift; path = Receipt.swift; sourceTree = "<group>"; };
		3CDCDC4F29FC02B300C2BEF6 /* PayType.swift */ = {isa = PBXFileReference; lastKnownFileType = sourcecode.swift; path = PayType.swift; sourceTree = "<group>"; };
		3CDCDC5229FC03E400C2BEF6 /* ReceiptStorage.swift */ = {isa = PBXFileReference; lastKnownFileType = sourcecode.swift; path = ReceiptStorage.swift; sourceTree = "<group>"; };
		3CDCDC5429FC050B00C2BEF6 /* CoreDataStorage.swift */ = {isa = PBXFileReference; lastKnownFileType = sourcecode.swift; path = CoreDataStorage.swift; sourceTree = "<group>"; };
		3CE07C5A2A4C841100C1AE73 /* en */ = {isa = PBXFileReference; lastKnownFileType = text.plist.strings; name = en; path = en.lproj/Localizable.strings; sourceTree = "<group>"; };
		3CE07C5C2A4C846200C1AE73 /* ko */ = {isa = PBXFileReference; lastKnownFileType = text.plist.strings; name = ko; path = ko.lproj/Localizable.strings; sourceTree = "<group>"; };
		3CF106B52A4DBD250056874B /* en */ = {isa = PBXFileReference; lastKnownFileType = text.plist.strings; name = en; path = en.lproj/InfoPlist.strings; sourceTree = "<group>"; };
		3CF106B72A4DBD2B0056874B /* ko */ = {isa = PBXFileReference; lastKnownFileType = text.plist.strings; name = ko; path = ko.lproj/InfoPlist.strings; sourceTree = "<group>"; };
		3CF8BA2C2A4D6F68002A18D0 /* String+Extension.swift */ = {isa = PBXFileReference; lastKnownFileType = sourcecode.swift; path = "String+Extension.swift"; sourceTree = "<group>"; };
		3CFD22FB29FE4CA300AE59C7 /* MainViewModel.swift */ = {isa = PBXFileReference; lastKnownFileType = sourcecode.swift; path = MainViewModel.swift; sourceTree = "<group>"; };
		8FD09967D8B2B9436C3C7669 /* Pods_ReceiptManager.framework */ = {isa = PBXFileReference; explicitFileType = wrapper.framework; includeInIndex = 0; path = Pods_ReceiptManager.framework; sourceTree = BUILT_PRODUCTS_DIR; };
/* End PBXFileReference section */

/* Begin PBXFrameworksBuildPhase section */
		3C2E18CF29FBCC5F00E8E9C6 /* Frameworks */ = {
			isa = PBXFrameworksBuildPhase;
			buildActionMask = 2147483647;
			files = (
				40778D58168C62146784F787 /* Pods_ReceiptManager.framework in Frameworks */,
			);
			runOnlyForDeploymentPostprocessing = 0;
		};
/* End PBXFrameworksBuildPhase section */

/* Begin PBXGroup section */
		3C0894C12A4E6ABB00C6E7CD /* SettingScene */ = {
			isa = PBXGroup;
			children = (
				3C0894C22A4E6AF900C6E7CD /* SettingViewController.swift */,
			);
			path = SettingScene;
			sourceTree = "<group>";
		};
		3C1B36932A34509F00749774 /* AccessCameraAlbum */ = {
			isa = PBXGroup;
			children = (
				3C1B36912A34460000749774 /* CameraAlbumAccess.swift */,
			);
			path = AccessCameraAlbum;
			sourceTree = "<group>";
		};
		3C2E18C929FBCC5F00E8E9C6 = {
			isa = PBXGroup;
			children = (
				3CDCDC4429FBDF1200C2BEF6 /* .swiftlint.yml */,
				3C2E18D429FBCC5F00E8E9C6 /* ReceiptManager */,
				3C2E18D329FBCC5F00E8E9C6 /* Products */,
				509C9D2BD38C0C0C30B6576A /* Pods */,
				D6255115A5FD15DD264D6C70 /* Frameworks */,
			);
			sourceTree = "<group>";
		};
		3C2E18D329FBCC5F00E8E9C6 /* Products */ = {
			isa = PBXGroup;
			children = (
				3C2E18D229FBCC5F00E8E9C6 /* ReceiptManager.app */,
			);
			name = Products;
			sourceTree = "<group>";
		};
		3C2E18D429FBCC5F00E8E9C6 /* ReceiptManager */ = {
			isa = PBXGroup;
			children = (
				3CE07C5D2A4C847B00C1AE73 /* Localizing */,
				3CDCDC4829FC003800C2BEF6 /* Resource */,
				3CDCDC4729FC002D00C2BEF6 /* Source */,
			);
			path = ReceiptManager;
			sourceTree = "<group>";
		};
		3C56C65D2A0963960058869C /* Protocol */ = {
			isa = PBXGroup;
			children = (
				3C56C65E2A0963A50058869C /* CellReuseIdentifiable.swift */,
			);
			path = Protocol;
			sourceTree = "<group>";
		};
		3C9AA3432A0117B60014807B /* Utility */ = {
			isa = PBXGroup;
			children = (
				3C1B36932A34509F00749774 /* AccessCameraAlbum */,
				3CB563F72A286CFD008A6CD0 /* OCR */,
				3C56C65D2A0963960058869C /* Protocol */,
				3C9AA3442A0117C10014807B /* Extension */,
				3C56C6592A08EAFE0058869C /* ConstantColor.swift */,
				3C1C1B362A16072900A3D0A0 /* ConstantText.swift */,
				3C1B368F2A3441D300749774 /* ConstantImage.swift */,
			);
			path = Utility;
			sourceTree = "<group>";
		};
		3C9AA3442A0117C10014807B /* Extension */ = {
			isa = PBXGroup;
			children = (
				3C9AA3452A0117D60014807B /* UIButton+Extension.swift */,
				3CC893B62A0CC06900055872 /* UILabel+Extension.swift */,
				3CC893B82A0CC07400055872 /* UITextField+Extension.swift */,
				3CB4CF3D2A13486600E9CBAB /* DateFormatter+Extension.swift */,
				3CB4CF3F2A13768900E9CBAB /* UIStackView+Extension.swift */,
				3CB4CF412A13D78000E9CBAB /* UIImage+Extension.swift */,
				3C3E95642A14BAB80020A0FE /* NumberFormatter+Extension.swift */,
				3C7DBD712A2211A400DA0EF8 /* UIViewController+Extension.swift */,
				3CF8BA2C2A4D6F68002A18D0 /* String+Extension.swift */,
			);
			path = Extension;
			sourceTree = "<group>";
		};
		3C9AA3492A012D0F0014807B /* Scene */ = {
			isa = PBXGroup;
			children = (
				3C9AA34A2A012EDA0014807B /* Transition.swift */,
				3C9AA3622A0130FA0014807B /* Scene.swift */,
				3C6C06FA2A013FC100974AD3 /* SceneCoordinator.swift */,
				3C6C06FC2A01408300974AD3 /* DefaultSceneCoordinator.swift */,
			);
			path = Scene;
			sourceTree = "<group>";
		};
		3C9AA34E2A012FA10014807B /* ListScene */ = {
			isa = PBXGroup;
			children = (
				3C9AA34F2A012FC20014807B /* ListViewController.swift */,
				3C56C65B2A08ECED0058869C /* ListTableViewCell.swift */,
			);
			path = ListScene;
			sourceTree = "<group>";
		};
		3C9AA3512A012FD10014807B /* FavoriteScene */ = {
			isa = PBXGroup;
			children = (
				3C9AA3522A012FE60014807B /* FavoriteListViewController.swift */,
			);
			path = FavoriteScene;
			sourceTree = "<group>";
		};
		3C9AA3542A012FF80014807B /* ComposeScene */ = {
			isa = PBXGroup;
			children = (
				3C9AA3582A0130310014807B /* ComposeViewController.swift */,
				3CC893BA2A0CCCDB00055872 /* ImageCell.swift */,
				3C86FB872A1B407A000CC99B /* SelectImageViewController.swift */,
				3C86FB8B2A1B90ED000CC99B /* ImagePickerCell.swift */,
				3C485BBE2A28912D007F7229 /* ComposeInformationView.swift */,
			);
			path = ComposeScene;
			sourceTree = "<group>";
		};
		3C9AA3552A01300F0014807B /* DetailScene */ = {
			isa = PBXGroup;
			children = (
				3C9AA3562A01301F0014807B /* DetailViewController.swift */,
				3CAF8AF12A162444002251DD /* LargeImageViewController.swift */,
			);
			path = DetailScene;
			sourceTree = "<group>";
		};
		3CB563F72A286CFD008A6CD0 /* OCR */ = {
			isa = PBXGroup;
			children = (
				3CB563F82A286D22008A6CD0 /* OCRTextExtractable.swift */,
				3CB563FA2A287C39008A6CD0 /* OCRResult.swift */,
			);
			path = OCR;
			sourceTree = "<group>";
		};
		3CDCDC4729FC002D00C2BEF6 /* Source */ = {
			isa = PBXGroup;
			children = (
				3C9AA3432A0117B60014807B /* Utility */,
				3C9AA3492A012D0F0014807B /* Scene */,
				3CDCDC4929FC006500C2BEF6 /* Application */,
				3CDCDC4A29FC007400C2BEF6 /* View */,
				3CFD22FA29FE4C9000AE59C7 /* ViewModel */,
				3CDCDC4C29FC00A300C2BEF6 /* Model */,
				3CDCDC5129FC03C400C2BEF6 /* Service */,
			);
			path = Source;
			sourceTree = "<group>";
		};
		3CDCDC4829FC003800C2BEF6 /* Resource */ = {
			isa = PBXGroup;
			children = (
				3C2E18E129FBCC6100E8E9C6 /* Assets.xcassets */,
				3C2E18E329FBCC6100E8E9C6 /* LaunchScreen.storyboard */,
				3C2E18E629FBCC6100E8E9C6 /* Info.plist */,
			);
			path = Resource;
			sourceTree = "<group>";
		};
		3CDCDC4929FC006500C2BEF6 /* Application */ = {
			isa = PBXGroup;
			children = (
				3C2E18D529FBCC5F00E8E9C6 /* AppDelegate.swift */,
				3C2E18D729FBCC5F00E8E9C6 /* SceneDelegate.swift */,
			);
			path = Application;
			sourceTree = "<group>";
		};
		3CDCDC4A29FC007400C2BEF6 /* View */ = {
			isa = PBXGroup;
			children = (
				3C0894C12A4E6ABB00C6E7CD /* SettingScene */,
				3CDCDC4B29FC008700C2BEF6 /* MainScene */,
				3C9AA34E2A012FA10014807B /* ListScene */,
				3C9AA3512A012FD10014807B /* FavoriteScene */,
				3C9AA3542A012FF80014807B /* ComposeScene */,
				3C9AA3552A01300F0014807B /* DetailScene */,
				3C9AA3642A0135110014807B /* ViewModelBindable.swift */,
			);
			path = View;
			sourceTree = "<group>";
		};
		3CDCDC4B29FC008700C2BEF6 /* MainScene */ = {
			isa = PBXGroup;
			children = (
				3C2E18D929FBCC5F00E8E9C6 /* MainViewController.swift */,
				3C9AA3472A012C880014807B /* TitleView.swift */,
				3C333E252A31F35C00E8C28A /* SearchView.swift */,
			);
			path = MainScene;
			sourceTree = "<group>";
		};
		3CDCDC4C29FC00A300C2BEF6 /* Model */ = {
			isa = PBXGroup;
			children = (
				3C2E18DE29FBCC5F00E8E9C6 /* ReceiptManager.xcdatamodeld */,
				3CDCDC4D29FC00C700C2BEF6 /* Receipt.swift */,
				3CDCDC4F29FC02B300C2BEF6 /* PayType.swift */,
			);
			path = Model;
			sourceTree = "<group>";
		};
		3CDCDC5129FC03C400C2BEF6 /* Service */ = {
			isa = PBXGroup;
			children = (
				3CDCDC5229FC03E400C2BEF6 /* ReceiptStorage.swift */,
				3CDCDC5429FC050B00C2BEF6 /* CoreDataStorage.swift */,
			);
			path = Service;
			sourceTree = "<group>";
		};
		3CE07C5D2A4C847B00C1AE73 /* Localizing */ = {
			isa = PBXGroup;
			children = (
				3CE07C5B2A4C841100C1AE73 /* Localizable.strings */,
				3CF106B62A4DBD250056874B /* InfoPlist.strings */,
			);
			path = Localizing;
			sourceTree = "<group>";
		};
		3CFD22FA29FE4C9000AE59C7 /* ViewModel */ = {
			isa = PBXGroup;
			children = (
				3C9AA3412A00EF9B0014807B /* CommonViewModel.swift */,
				3CFD22FB29FE4CA300AE59C7 /* MainViewModel.swift */,
				3C9AA35A2A0130490014807B /* ListViewModel.swift */,
				3C9AA35C2A0130570014807B /* FavoriteListViewModel.swift */,
				3C9AA35E2A0130620014807B /* ComposeViewModel.swift */,
				3C9AA3602A01306C0014807B /* DetailViewModel.swift */,
				3CAF8AF32A1627BA002251DD /* LargeImageViewModel.swift */,
				3C86FB892A1B40BD000CC99B /* SelectImageViewModel.swift */,
				3C0894C52A4E7D4C00C6E7CD /* SettingViewModel.swift */,
			);
			path = ViewModel;
			sourceTree = "<group>";
		};
		509C9D2BD38C0C0C30B6576A /* Pods */ = {
			isa = PBXGroup;
			children = (
				1A63657D9626345E468AA028 /* Pods-ReceiptManager.debug.xcconfig */,
				0DEC07D71F2903D2A0731BC0 /* Pods-ReceiptManager.release.xcconfig */,
			);
			path = Pods;
			sourceTree = "<group>";
		};
		D6255115A5FD15DD264D6C70 /* Frameworks */ = {
			isa = PBXGroup;
			children = (
				8FD09967D8B2B9436C3C7669 /* Pods_ReceiptManager.framework */,
			);
			name = Frameworks;
			sourceTree = "<group>";
		};
/* End PBXGroup section */

/* Begin PBXNativeTarget section */
		3C2E18D129FBCC5F00E8E9C6 /* ReceiptManager */ = {
			isa = PBXNativeTarget;
			buildConfigurationList = 3C2E18E929FBCC6100E8E9C6 /* Build configuration list for PBXNativeTarget "ReceiptManager" */;
			buildPhases = (
				D23B7D4054CEF0DACFBC39D8 /* [CP] Check Pods Manifest.lock */,
				3C2E18CE29FBCC5F00E8E9C6 /* Sources */,
				3C2E18CF29FBCC5F00E8E9C6 /* Frameworks */,
				3C2E18D029FBCC5F00E8E9C6 /* Resources */,
				081FE835CC5F8409038181DE /* [CP] Embed Pods Frameworks */,
				3CDCDC4629FBDF3D00C2BEF6 /* ShellScript */,
			);
			buildRules = (
			);
			dependencies = (
			);
			name = ReceiptManager;
			productName = ReceiptManager;
			productReference = 3C2E18D229FBCC5F00E8E9C6 /* ReceiptManager.app */;
			productType = "com.apple.product-type.application";
		};
/* End PBXNativeTarget section */

/* Begin PBXProject section */
		3C2E18CA29FBCC5F00E8E9C6 /* Project object */ = {
			isa = PBXProject;
			attributes = {
				BuildIndependentTargetsInParallel = 1;
				LastSwiftUpdateCheck = 1420;
				LastUpgradeCheck = 1420;
				TargetAttributes = {
					3C2E18D129FBCC5F00E8E9C6 = {
						CreatedOnToolsVersion = 14.2;
					};
				};
			};
			buildConfigurationList = 3C2E18CD29FBCC5F00E8E9C6 /* Build configuration list for PBXProject "ReceiptManager" */;
			compatibilityVersion = "Xcode 14.0";
			developmentRegion = en;
			hasScannedForEncodings = 0;
			knownRegions = (
				en,
				Base,
				ko,
				ja,
			);
			mainGroup = 3C2E18C929FBCC5F00E8E9C6;
			productRefGroup = 3C2E18D329FBCC5F00E8E9C6 /* Products */;
			projectDirPath = "";
			projectRoot = "";
			targets = (
				3C2E18D129FBCC5F00E8E9C6 /* ReceiptManager */,
			);
		};
/* End PBXProject section */

/* Begin PBXResourcesBuildPhase section */
		3C2E18D029FBCC5F00E8E9C6 /* Resources */ = {
			isa = PBXResourcesBuildPhase;
			buildActionMask = 2147483647;
			files = (
				3CDCDC4529FBDF1200C2BEF6 /* .swiftlint.yml in Resources */,
				3CE07C592A4C841100C1AE73 /* Localizable.strings in Resources */,
				3C2E18E529FBCC6100E8E9C6 /* LaunchScreen.storyboard in Resources */,
				3C2E18E229FBCC6100E8E9C6 /* Assets.xcassets in Resources */,
				3CF106B42A4DBD250056874B /* InfoPlist.strings in Resources */,
			);
			runOnlyForDeploymentPostprocessing = 0;
		};
/* End PBXResourcesBuildPhase section */

/* Begin PBXShellScriptBuildPhase section */
		081FE835CC5F8409038181DE /* [CP] Embed Pods Frameworks */ = {
			isa = PBXShellScriptBuildPhase;
			buildActionMask = 2147483647;
			files = (
			);
			inputFileListPaths = (
				"${PODS_ROOT}/Target Support Files/Pods-ReceiptManager/Pods-ReceiptManager-frameworks-${CONFIGURATION}-input-files.xcfilelist",
			);
			name = "[CP] Embed Pods Frameworks";
			outputFileListPaths = (
				"${PODS_ROOT}/Target Support Files/Pods-ReceiptManager/Pods-ReceiptManager-frameworks-${CONFIGURATION}-output-files.xcfilelist",
			);
			runOnlyForDeploymentPostprocessing = 0;
			shellPath = /bin/sh;
			shellScript = "\"${PODS_ROOT}/Target Support Files/Pods-ReceiptManager/Pods-ReceiptManager-frameworks.sh\"\n";
			showEnvVarsInLog = 0;
		};
		3CDCDC4629FBDF3D00C2BEF6 /* ShellScript */ = {
			isa = PBXShellScriptBuildPhase;
			buildActionMask = 2147483647;
			files = (
			);
			inputFileListPaths = (
			);
			inputPaths = (
			);
			outputFileListPaths = (
			);
			outputPaths = (
			);
			runOnlyForDeploymentPostprocessing = 0;
			shellPath = /bin/sh;
			shellScript = "\"${PODS_ROOT}/SwiftLint/swiftlint\"\n";
		};
		D23B7D4054CEF0DACFBC39D8 /* [CP] Check Pods Manifest.lock */ = {
			isa = PBXShellScriptBuildPhase;
			buildActionMask = 2147483647;
			files = (
			);
			inputFileListPaths = (
			);
			inputPaths = (
				"${PODS_PODFILE_DIR_PATH}/Podfile.lock",
				"${PODS_ROOT}/Manifest.lock",
			);
			name = "[CP] Check Pods Manifest.lock";
			outputFileListPaths = (
			);
			outputPaths = (
				"$(DERIVED_FILE_DIR)/Pods-ReceiptManager-checkManifestLockResult.txt",
			);
			runOnlyForDeploymentPostprocessing = 0;
			shellPath = /bin/sh;
			shellScript = "diff \"${PODS_PODFILE_DIR_PATH}/Podfile.lock\" \"${PODS_ROOT}/Manifest.lock\" > /dev/null\nif [ $? != 0 ] ; then\n    # print error to STDERR\n    echo \"error: The sandbox is not in sync with the Podfile.lock. Run 'pod install' or update your CocoaPods installation.\" >&2\n    exit 1\nfi\n# This output is used by Xcode 'outputs' to avoid re-running this script phase.\necho \"SUCCESS\" > \"${SCRIPT_OUTPUT_FILE_0}\"\n";
			showEnvVarsInLog = 0;
		};
/* End PBXShellScriptBuildPhase section */

/* Begin PBXSourcesBuildPhase section */
		3C2E18CE29FBCC5F00E8E9C6 /* Sources */ = {
			isa = PBXSourcesBuildPhase;
			buildActionMask = 2147483647;
			files = (
				3CDCDC5529FC050B00C2BEF6 /* CoreDataStorage.swift in Sources */,
				3CB563F92A286D22008A6CD0 /* OCRTextExtractable.swift in Sources */,
				3C9AA34B2A012EDA0014807B /* Transition.swift in Sources */,
				3CC893B72A0CC06900055872 /* UILabel+Extension.swift in Sources */,
				3CDCDC4E29FC00C700C2BEF6 /* Receipt.swift in Sources */,
				3C86FB8A2A1B40BD000CC99B /* SelectImageViewModel.swift in Sources */,
				3C6C06FB2A013FC100974AD3 /* SceneCoordinator.swift in Sources */,
				3CAF8AF22A162444002251DD /* LargeImageViewController.swift in Sources */,
				3CDCDC5329FC03E400C2BEF6 /* ReceiptStorage.swift in Sources */,
				3C1B36902A3441D300749774 /* ConstantImage.swift in Sources */,
				3C9AA3462A0117D60014807B /* UIButton+Extension.swift in Sources */,
				3C2E18DA29FBCC5F00E8E9C6 /* MainViewController.swift in Sources */,
				3C1C1B372A16072900A3D0A0 /* ConstantText.swift in Sources */,
				3C56C65A2A08EAFE0058869C /* ConstantColor.swift in Sources */,
				3C9AA3502A012FC20014807B /* ListViewController.swift in Sources */,
				3C9AA3572A01301F0014807B /* DetailViewController.swift in Sources */,
				3C2E18D629FBCC5F00E8E9C6 /* AppDelegate.swift in Sources */,
				3C9AA3532A012FE60014807B /* FavoriteListViewController.swift in Sources */,
				3CC893BB2A0CCCDB00055872 /* ImageCell.swift in Sources */,
				3C7DBD722A2211A400DA0EF8 /* UIViewController+Extension.swift in Sources */,
				3C6C06FD2A01408300974AD3 /* DefaultSceneCoordinator.swift in Sources */,
				3C0894C32A4E6AF900C6E7CD /* SettingViewController.swift in Sources */,
				3C9AA3652A0135110014807B /* ViewModelBindable.swift in Sources */,
				3C9AA3632A0130FA0014807B /* Scene.swift in Sources */,
				3C9AA35D2A0130570014807B /* FavoriteListViewModel.swift in Sources */,
				3C86FB882A1B407A000CC99B /* SelectImageViewController.swift in Sources */,
				3C2E18E029FBCC5F00E8E9C6 /* ReceiptManager.xcdatamodeld in Sources */,
				3CB4CF3E2A13486600E9CBAB /* DateFormatter+Extension.swift in Sources */,
				3C56C65F2A0963A50058869C /* CellReuseIdentifiable.swift in Sources */,
				3CB4CF422A13D78000E9CBAB /* UIImage+Extension.swift in Sources */,
				3CF8BA2D2A4D6F68002A18D0 /* String+Extension.swift in Sources */,
				3C9AA3592A0130310014807B /* ComposeViewController.swift in Sources */,
				3CB563FB2A287C39008A6CD0 /* OCRResult.swift in Sources */,
				3CDCDC5029FC02B300C2BEF6 /* PayType.swift in Sources */,
				3C2E18D829FBCC5F00E8E9C6 /* SceneDelegate.swift in Sources */,
				3C9AA35F2A0130620014807B /* ComposeViewModel.swift in Sources */,
				3C86FB8C2A1B90ED000CC99B /* ImagePickerCell.swift in Sources */,
				3CC893B92A0CC07400055872 /* UITextField+Extension.swift in Sources */,
				3C9AA3612A01306C0014807B /* DetailViewModel.swift in Sources */,
				3C1B36922A34460000749774 /* CameraAlbumAccess.swift in Sources */,
				3C0894C62A4E7D4C00C6E7CD /* SettingViewModel.swift in Sources */,
				3C333E262A31F35C00E8C28A /* SearchView.swift in Sources */,
				3C3E95652A14BAB80020A0FE /* NumberFormatter+Extension.swift in Sources */,
				3C485BBF2A28912D007F7229 /* ComposeInformationView.swift in Sources */,
				3C9AA35B2A0130490014807B /* ListViewModel.swift in Sources */,
				3CAF8AF42A1627BA002251DD /* LargeImageViewModel.swift in Sources */,
				3C56C65C2A08ECED0058869C /* ListTableViewCell.swift in Sources */,
				3CFD22FC29FE4CA300AE59C7 /* MainViewModel.swift in Sources */,
				3C9AA3422A00EF9B0014807B /* CommonViewModel.swift in Sources */,
				3C9AA3482A012C880014807B /* TitleView.swift in Sources */,
				3CB4CF402A13768900E9CBAB /* UIStackView+Extension.swift in Sources */,
			);
			runOnlyForDeploymentPostprocessing = 0;
		};
/* End PBXSourcesBuildPhase section */

/* Begin PBXVariantGroup section */
		3C2E18E329FBCC6100E8E9C6 /* LaunchScreen.storyboard */ = {
			isa = PBXVariantGroup;
			children = (
				3C2E18E429FBCC6100E8E9C6 /* Base */,
			);
			name = LaunchScreen.storyboard;
			sourceTree = "<group>";
		};
		3CE07C5B2A4C841100C1AE73 /* Localizable.strings */ = {
			isa = PBXVariantGroup;
			children = (
				3CE07C5A2A4C841100C1AE73 /* en */,
				3CE07C5C2A4C846200C1AE73 /* ko */,
				3C0894BF2A4DD4B300C6E7CD /* ja */,
			);
			name = Localizable.strings;
			sourceTree = "<group>";
		};
		3CF106B62A4DBD250056874B /* InfoPlist.strings */ = {
			isa = PBXVariantGroup;
			children = (
				3CF106B52A4DBD250056874B /* en */,
				3CF106B72A4DBD2B0056874B /* ko */,
				3C0894C02A4DD4B300C6E7CD /* ja */,
			);
			name = InfoPlist.strings;
			sourceTree = "<group>";
		};
/* End PBXVariantGroup section */

/* Begin XCBuildConfiguration section */
		3C2E18E729FBCC6100E8E9C6 /* Debug */ = {
			isa = XCBuildConfiguration;
			buildSettings = {
				ALWAYS_SEARCH_USER_PATHS = NO;
				CLANG_ANALYZER_LOCALIZABILITY_NONLOCALIZED = YES;
				CLANG_ANALYZER_NONNULL = YES;
				CLANG_ANALYZER_NUMBER_OBJECT_CONVERSION = YES_AGGRESSIVE;
				CLANG_CXX_LANGUAGE_STANDARD = "gnu++20";
				CLANG_ENABLE_MODULES = YES;
				CLANG_ENABLE_OBJC_ARC = YES;
				CLANG_ENABLE_OBJC_WEAK = YES;
				CLANG_WARN_BLOCK_CAPTURE_AUTORELEASING = YES;
				CLANG_WARN_BOOL_CONVERSION = YES;
				CLANG_WARN_COMMA = YES;
				CLANG_WARN_CONSTANT_CONVERSION = YES;
				CLANG_WARN_DEPRECATED_OBJC_IMPLEMENTATIONS = YES;
				CLANG_WARN_DIRECT_OBJC_ISA_USAGE = YES_ERROR;
				CLANG_WARN_DOCUMENTATION_COMMENTS = YES;
				CLANG_WARN_EMPTY_BODY = YES;
				CLANG_WARN_ENUM_CONVERSION = YES;
				CLANG_WARN_INFINITE_RECURSION = YES;
				CLANG_WARN_INT_CONVERSION = YES;
				CLANG_WARN_NON_LITERAL_NULL_CONVERSION = YES;
				CLANG_WARN_OBJC_IMPLICIT_RETAIN_SELF = YES;
				CLANG_WARN_OBJC_LITERAL_CONVERSION = YES;
				CLANG_WARN_OBJC_ROOT_CLASS = YES_ERROR;
				CLANG_WARN_QUOTED_INCLUDE_IN_FRAMEWORK_HEADER = YES;
				CLANG_WARN_RANGE_LOOP_ANALYSIS = YES;
				CLANG_WARN_STRICT_PROTOTYPES = YES;
				CLANG_WARN_SUSPICIOUS_MOVE = YES;
				CLANG_WARN_UNGUARDED_AVAILABILITY = YES_AGGRESSIVE;
				CLANG_WARN_UNREACHABLE_CODE = YES;
				CLANG_WARN__DUPLICATE_METHOD_MATCH = YES;
				COPY_PHASE_STRIP = NO;
				DEBUG_INFORMATION_FORMAT = dwarf;
				ENABLE_STRICT_OBJC_MSGSEND = YES;
				ENABLE_TESTABILITY = YES;
				GCC_C_LANGUAGE_STANDARD = gnu11;
				GCC_DYNAMIC_NO_PIC = NO;
				GCC_NO_COMMON_BLOCKS = YES;
				GCC_OPTIMIZATION_LEVEL = 0;
				GCC_PREPROCESSOR_DEFINITIONS = (
					"DEBUG=1",
					"$(inherited)",
				);
				GCC_WARN_64_TO_32_BIT_CONVERSION = YES;
				GCC_WARN_ABOUT_RETURN_TYPE = YES_ERROR;
				GCC_WARN_UNDECLARED_SELECTOR = YES;
				GCC_WARN_UNINITIALIZED_AUTOS = YES_AGGRESSIVE;
				GCC_WARN_UNUSED_FUNCTION = YES;
				GCC_WARN_UNUSED_VARIABLE = YES;
				INFOPLIST_KEY_CFBundleDisplayName = "영수증 다오";
				IPHONEOS_DEPLOYMENT_TARGET = 14.0;
				MTL_ENABLE_DEBUG_INFO = INCLUDE_SOURCE;
				MTL_FAST_MATH = YES;
				ONLY_ACTIVE_ARCH = YES;
				SDKROOT = iphoneos;
				SWIFT_ACTIVE_COMPILATION_CONDITIONS = DEBUG;
				SWIFT_OPTIMIZATION_LEVEL = "-Onone";
			};
			name = Debug;
		};
		3C2E18E829FBCC6100E8E9C6 /* Release */ = {
			isa = XCBuildConfiguration;
			buildSettings = {
				ALWAYS_SEARCH_USER_PATHS = NO;
				CLANG_ANALYZER_LOCALIZABILITY_NONLOCALIZED = YES;
				CLANG_ANALYZER_NONNULL = YES;
				CLANG_ANALYZER_NUMBER_OBJECT_CONVERSION = YES_AGGRESSIVE;
				CLANG_CXX_LANGUAGE_STANDARD = "gnu++20";
				CLANG_ENABLE_MODULES = YES;
				CLANG_ENABLE_OBJC_ARC = YES;
				CLANG_ENABLE_OBJC_WEAK = YES;
				CLANG_WARN_BLOCK_CAPTURE_AUTORELEASING = YES;
				CLANG_WARN_BOOL_CONVERSION = YES;
				CLANG_WARN_COMMA = YES;
				CLANG_WARN_CONSTANT_CONVERSION = YES;
				CLANG_WARN_DEPRECATED_OBJC_IMPLEMENTATIONS = YES;
				CLANG_WARN_DIRECT_OBJC_ISA_USAGE = YES_ERROR;
				CLANG_WARN_DOCUMENTATION_COMMENTS = YES;
				CLANG_WARN_EMPTY_BODY = YES;
				CLANG_WARN_ENUM_CONVERSION = YES;
				CLANG_WARN_INFINITE_RECURSION = YES;
				CLANG_WARN_INT_CONVERSION = YES;
				CLANG_WARN_NON_LITERAL_NULL_CONVERSION = YES;
				CLANG_WARN_OBJC_IMPLICIT_RETAIN_SELF = YES;
				CLANG_WARN_OBJC_LITERAL_CONVERSION = YES;
				CLANG_WARN_OBJC_ROOT_CLASS = YES_ERROR;
				CLANG_WARN_QUOTED_INCLUDE_IN_FRAMEWORK_HEADER = YES;
				CLANG_WARN_RANGE_LOOP_ANALYSIS = YES;
				CLANG_WARN_STRICT_PROTOTYPES = YES;
				CLANG_WARN_SUSPICIOUS_MOVE = YES;
				CLANG_WARN_UNGUARDED_AVAILABILITY = YES_AGGRESSIVE;
				CLANG_WARN_UNREACHABLE_CODE = YES;
				CLANG_WARN__DUPLICATE_METHOD_MATCH = YES;
				COPY_PHASE_STRIP = NO;
				DEBUG_INFORMATION_FORMAT = "dwarf-with-dsym";
				ENABLE_NS_ASSERTIONS = NO;
				ENABLE_STRICT_OBJC_MSGSEND = YES;
				GCC_C_LANGUAGE_STANDARD = gnu11;
				GCC_NO_COMMON_BLOCKS = YES;
				GCC_WARN_64_TO_32_BIT_CONVERSION = YES;
				GCC_WARN_ABOUT_RETURN_TYPE = YES_ERROR;
				GCC_WARN_UNDECLARED_SELECTOR = YES;
				GCC_WARN_UNINITIALIZED_AUTOS = YES_AGGRESSIVE;
				GCC_WARN_UNUSED_FUNCTION = YES;
				GCC_WARN_UNUSED_VARIABLE = YES;
				INFOPLIST_KEY_CFBundleDisplayName = "영수증 다오";
				IPHONEOS_DEPLOYMENT_TARGET = 14.0;
				MTL_ENABLE_DEBUG_INFO = NO;
				MTL_FAST_MATH = YES;
				SDKROOT = iphoneos;
				SWIFT_COMPILATION_MODE = wholemodule;
				SWIFT_OPTIMIZATION_LEVEL = "-O";
				VALIDATE_PRODUCT = YES;
			};
			name = Release;
		};
		3C2E18EA29FBCC6100E8E9C6 /* Debug */ = {
			isa = XCBuildConfiguration;
			baseConfigurationReference = 1A63657D9626345E468AA028 /* Pods-ReceiptManager.debug.xcconfig */;
			buildSettings = {
				ASSETCATALOG_COMPILER_APPICON_NAME = AppIcon;
				ASSETCATALOG_COMPILER_GLOBAL_ACCENT_COLOR_NAME = AccentColor;
				CODE_SIGN_STYLE = Automatic;
				CURRENT_PROJECT_VERSION = 1;
				DEVELOPMENT_TEAM = ZRLFU9PV5L;
				GENERATE_INFOPLIST_FILE = YES;
				INFOPLIST_FILE = ReceiptManager/Resource/Info.plist;
				INFOPLIST_KEY_CFBundleDisplayName = "영수증 다오";
				INFOPLIST_KEY_LSApplicationCategoryType = "public.app-category.finance";
				INFOPLIST_KEY_NSCameraUsageDescription = NSCameraUsageDescription;
				INFOPLIST_KEY_NSPhotoLibraryUsageDescription = NSPhotoLibraryUsageDescription;
				INFOPLIST_KEY_UIApplicationSupportsIndirectInputEvents = YES;
				INFOPLIST_KEY_UILaunchStoryboardName = LaunchScreen.storyboard;
				INFOPLIST_KEY_UIStatusBarStyle = UIStatusBarStyleLightContent;
				INFOPLIST_KEY_UISupportedInterfaceOrientations = UIInterfaceOrientationPortrait;
				INFOPLIST_KEY_UISupportedInterfaceOrientations_iPad = "UIInterfaceOrientationPortrait UIInterfaceOrientationPortraitUpsideDown";
				INFOPLIST_KEY_UIUserInterfaceStyle = Light;
				IPHONEOS_DEPLOYMENT_TARGET = 14.0;
				LD_RUNPATH_SEARCH_PATHS = (
					"$(inherited)",
					"@executable_path/Frameworks",
				);
				MARKETING_VERSION = 1.3.0;
				PRODUCT_BUNDLE_IDENTIFIER = com.PakHyo.ReceiptManager;
				PRODUCT_NAME = "$(TARGET_NAME)";
				SUPPORTED_PLATFORMS = "iphoneos iphonesimulator";
				SUPPORTS_MACCATALYST = NO;
				SUPPORTS_MAC_DESIGNED_FOR_IPHONE_IPAD = NO;
				SWIFT_EMIT_LOC_STRINGS = YES;
				SWIFT_VERSION = 5.0;
				TARGETED_DEVICE_FAMILY = 1;
			};
			name = Debug;
		};
		3C2E18EB29FBCC6100E8E9C6 /* Release */ = {
			isa = XCBuildConfiguration;
			baseConfigurationReference = 0DEC07D71F2903D2A0731BC0 /* Pods-ReceiptManager.release.xcconfig */;
			buildSettings = {
				ASSETCATALOG_COMPILER_APPICON_NAME = AppIcon;
				ASSETCATALOG_COMPILER_GLOBAL_ACCENT_COLOR_NAME = AccentColor;
				CODE_SIGN_STYLE = Automatic;
				CURRENT_PROJECT_VERSION = 1;
				DEVELOPMENT_TEAM = ZRLFU9PV5L;
				GENERATE_INFOPLIST_FILE = YES;
				INFOPLIST_FILE = ReceiptManager/Resource/Info.plist;
				INFOPLIST_KEY_CFBundleDisplayName = "영수증 다오";
				INFOPLIST_KEY_LSApplicationCategoryType = "public.app-category.finance";
				INFOPLIST_KEY_NSCameraUsageDescription = NSCameraUsageDescription;
				INFOPLIST_KEY_NSPhotoLibraryUsageDescription = NSPhotoLibraryUsageDescription;
				INFOPLIST_KEY_UIApplicationSupportsIndirectInputEvents = YES;
				INFOPLIST_KEY_UILaunchStoryboardName = LaunchScreen.storyboard;
				INFOPLIST_KEY_UIStatusBarStyle = UIStatusBarStyleLightContent;
				INFOPLIST_KEY_UISupportedInterfaceOrientations = UIInterfaceOrientationPortrait;
				INFOPLIST_KEY_UISupportedInterfaceOrientations_iPad = "UIInterfaceOrientationPortrait UIInterfaceOrientationPortraitUpsideDown";
				INFOPLIST_KEY_UIUserInterfaceStyle = Light;
				IPHONEOS_DEPLOYMENT_TARGET = 14.0;
				LD_RUNPATH_SEARCH_PATHS = (
					"$(inherited)",
					"@executable_path/Frameworks",
				);
				MARKETING_VERSION = 1.3.0;
				PRODUCT_BUNDLE_IDENTIFIER = com.PakHyo.ReceiptManager;
				PRODUCT_NAME = "$(TARGET_NAME)";
				SUPPORTED_PLATFORMS = "iphoneos iphonesimulator";
				SUPPORTS_MACCATALYST = NO;
				SUPPORTS_MAC_DESIGNED_FOR_IPHONE_IPAD = NO;
				SWIFT_EMIT_LOC_STRINGS = YES;
				SWIFT_VERSION = 5.0;
				TARGETED_DEVICE_FAMILY = 1;
			};
			name = Release;
		};
/* End XCBuildConfiguration section */

/* Begin XCConfigurationList section */
		3C2E18CD29FBCC5F00E8E9C6 /* Build configuration list for PBXProject "ReceiptManager" */ = {
			isa = XCConfigurationList;
			buildConfigurations = (
				3C2E18E729FBCC6100E8E9C6 /* Debug */,
				3C2E18E829FBCC6100E8E9C6 /* Release */,
			);
			defaultConfigurationIsVisible = 0;
			defaultConfigurationName = Release;
		};
		3C2E18E929FBCC6100E8E9C6 /* Build configuration list for PBXNativeTarget "ReceiptManager" */ = {
			isa = XCConfigurationList;
			buildConfigurations = (
				3C2E18EA29FBCC6100E8E9C6 /* Debug */,
				3C2E18EB29FBCC6100E8E9C6 /* Release */,
			);
			defaultConfigurationIsVisible = 0;
			defaultConfigurationName = Release;
		};
/* End XCConfigurationList section */

/* Begin XCVersionGroup section */
		3C2E18DE29FBCC5F00E8E9C6 /* ReceiptManager.xcdatamodeld */ = {
			isa = XCVersionGroup;
			children = (
				3C2E18DF29FBCC5F00E8E9C6 /* ReceiptManager.xcdatamodel */,
			);
			currentVersion = 3C2E18DF29FBCC5F00E8E9C6 /* ReceiptManager.xcdatamodel */;
			path = ReceiptManager.xcdatamodeld;
			sourceTree = "<group>";
			versionGroupType = wrapper.xcdatamodel;
		};
/* End XCVersionGroup section */
	};
	rootObject = 3C2E18CA29FBCC5F00E8E9C6 /* Project object */;
}
