// !$*UTF8*$!
{
	archiveVersion = 1;
	classes = {
	};
	objectVersion = 56;
	objects = {

/* Begin PBXBuildFile section */
		29D5B38FE3172F907C09A4E3 /* Pods_ReceiptManagerTests.framework in Frameworks */ = {isa = PBXBuildFile; fileRef = 51C4E4C574199E1F0A5875CC /* Pods_ReceiptManagerTests.framework */; };
		3C05E0992B0C76BA0062C3F7 /* ComposeViewReactor.swift in Sources */ = {isa = PBXBuildFile; fileRef = 3C05E0982B0C76BA0062C3F7 /* ComposeViewReactor.swift */; };
		3C05E09D2B0C80F30062C3F7 /* ComposeViewCoordinator.swift in Sources */ = {isa = PBXBuildFile; fileRef = 3C05E09C2B0C80F30062C3F7 /* ComposeViewCoordinator.swift */; };
		3C07528E2B298E0600C58066 /* ExpenseViewReactorTests.swift in Sources */ = {isa = PBXBuildFile; fileRef = 3C07528D2B298E0600C58066 /* ExpenseViewReactorTests.swift */; };
		3C088A4A2B1F782500FFFB74 /* BottomSheetViewController.swift in Sources */ = {isa = PBXBuildFile; fileRef = 3C088A492B1F782500FFFB74 /* BottomSheetViewController.swift */; };
		3C0894C32A4E6AF900C6E7CD /* SettingViewController.swift in Sources */ = {isa = PBXBuildFile; fileRef = 3C0894C22A4E6AF900C6E7CD /* SettingViewController.swift */; };
		3C0894C82A4E87F600C6E7CD /* SettingCell.swift in Sources */ = {isa = PBXBuildFile; fileRef = 3C0894C72A4E87F600C6E7CD /* SettingCell.swift */; };
		3C1B36902A3441D300749774 /* ConstantImage.swift in Sources */ = {isa = PBXBuildFile; fileRef = 3C1B368F2A3441D300749774 /* ConstantImage.swift */; };
		3C1B36922A34460000749774 /* CameraAlbumAccess.swift in Sources */ = {isa = PBXBuildFile; fileRef = 3C1B36912A34460000749774 /* CameraAlbumAccess.swift */; };
		3C1C1B372A16072900A3D0A0 /* ConstantText.swift in Sources */ = {isa = PBXBuildFile; fileRef = 3C1C1B362A16072900A3D0A0 /* ConstantText.swift */; };
		3C26F1182B261BE500A28AA0 /* UIColor+Extension.swift in Sources */ = {isa = PBXBuildFile; fileRef = 3C26F1172B261BE500A28AA0 /* UIColor+Extension.swift */; };
		3C2E18D629FBCC5F00E8E9C6 /* AppDelegate.swift in Sources */ = {isa = PBXBuildFile; fileRef = 3C2E18D529FBCC5F00E8E9C6 /* AppDelegate.swift */; };
		3C2E18D829FBCC5F00E8E9C6 /* SceneDelegate.swift in Sources */ = {isa = PBXBuildFile; fileRef = 3C2E18D729FBCC5F00E8E9C6 /* SceneDelegate.swift */; };
		3C2E18DA29FBCC5F00E8E9C6 /* ExpenseViewController.swift in Sources */ = {isa = PBXBuildFile; fileRef = 3C2E18D929FBCC5F00E8E9C6 /* ExpenseViewController.swift */; };
		3C2E18E029FBCC5F00E8E9C6 /* ReceiptManager.xcdatamodeld in Sources */ = {isa = PBXBuildFile; fileRef = 3C2E18DE29FBCC5F00E8E9C6 /* ReceiptManager.xcdatamodeld */; };
		3C2E18E229FBCC6100E8E9C6 /* Assets.xcassets in Resources */ = {isa = PBXBuildFile; fileRef = 3C2E18E129FBCC6100E8E9C6 /* Assets.xcassets */; };
		3C2E18E529FBCC6100E8E9C6 /* LaunchScreen.storyboard in Resources */ = {isa = PBXBuildFile; fileRef = 3C2E18E329FBCC6100E8E9C6 /* LaunchScreen.storyboard */; };
		3C32F8FE2AE903A800A805AD /* MappingModelV1toV2.xcmappingmodel in Sources */ = {isa = PBXBuildFile; fileRef = 3C32F8FD2AE903A800A805AD /* MappingModelV1toV2.xcmappingmodel */; };
		3C333E262A31F35C00E8C28A /* SearchViewController.swift in Sources */ = {isa = PBXBuildFile; fileRef = 3C333E252A31F35C00E8C28A /* SearchViewController.swift */; };
		3C33883F2B051CFD00A9613B /* ListViewCoordinator.swift in Sources */ = {isa = PBXBuildFile; fileRef = 3C33883E2B051CFD00A9613B /* ListViewCoordinator.swift */; };
		3C3E95652A14BAB80020A0FE /* NumberFormatter+Extension.swift in Sources */ = {isa = PBXBuildFile; fileRef = 3C3E95642A14BAB80020A0FE /* NumberFormatter+Extension.swift */; };
		3C3F55482B1CCE3C00A6EAB5 /* CalendarCellReactor.swift in Sources */ = {isa = PBXBuildFile; fileRef = 3C3F55472B1CCE3C00A6EAB5 /* CalendarCellReactor.swift */; };
		3C3F7ADC2B1EDB22003DCA85 /* CalendarViewCoordinator.swift in Sources */ = {isa = PBXBuildFile; fileRef = 3C3F7ADB2B1EDB22003DCA85 /* CalendarViewCoordinator.swift */; };
		3C3F7ADE2B1EFA8F003DCA85 /* SearchViewCoordinator.swift in Sources */ = {isa = PBXBuildFile; fileRef = 3C3F7ADD2B1EFA8F003DCA85 /* SearchViewCoordinator.swift */; };
		3C4405C12B049F240005BA4C /* ExpenseViewReactor.swift in Sources */ = {isa = PBXBuildFile; fileRef = 3C4405C02B049F240005BA4C /* ExpenseViewReactor.swift */; };
		3C4405C42B049F920005BA4C /* SearchViewReactor.swift in Sources */ = {isa = PBXBuildFile; fileRef = 3C4405C32B049F920005BA4C /* SearchViewReactor.swift */; };
		3C485BBF2A28912D007F7229 /* ComposeInformationView.swift in Sources */ = {isa = PBXBuildFile; fileRef = 3C485BBE2A28912D007F7229 /* ComposeInformationView.swift */; };
		3C4B648B2B2AD1BF00895494 /* ComposeViewReactorTests.swift in Sources */ = {isa = PBXBuildFile; fileRef = 3C4B648A2B2AD1BF00895494 /* ComposeViewReactorTests.swift */; };
		3C4B648D2B2AE2F800895494 /* MockOCRExtractorService.swift in Sources */ = {isa = PBXBuildFile; fileRef = 3C4B648C2B2AE2F800895494 /* MockOCRExtractorService.swift */; };
		3C4B648F2B2AE5EB00895494 /* AnalysisViewReactorTests.swift in Sources */ = {isa = PBXBuildFile; fileRef = 3C4B648E2B2AE5EB00895494 /* AnalysisViewReactorTests.swift */; };
		3C56C65A2A08EAFE0058869C /* ConstantColor.swift in Sources */ = {isa = PBXBuildFile; fileRef = 3C56C6592A08EAFE0058869C /* ConstantColor.swift */; };
		3C56C65C2A08ECED0058869C /* ListTableViewCell.swift in Sources */ = {isa = PBXBuildFile; fileRef = 3C56C65B2A08ECED0058869C /* ListTableViewCell.swift */; };
		3C56C65F2A0963A50058869C /* CellReuseIdentifiable.swift in Sources */ = {isa = PBXBuildFile; fileRef = 3C56C65E2A0963A50058869C /* CellReuseIdentifiable.swift */; };
		3C614B482B036AC1009D1795 /* CustomItemView.swift in Sources */ = {isa = PBXBuildFile; fileRef = 3C614B472B036AC1009D1795 /* CustomItemView.swift */; };
		3C614B4B2B03730D009D1795 /* CustomTabItem.swift in Sources */ = {isa = PBXBuildFile; fileRef = 3C614B4A2B03730D009D1795 /* CustomTabItem.swift */; };
		3C614B4D2B03759B009D1795 /* CustomTabBar.swift in Sources */ = {isa = PBXBuildFile; fileRef = 3C614B4C2B03759B009D1795 /* CustomTabBar.swift */; };
		3C614B4F2B037B82009D1795 /* CustomTabBarController.swift in Sources */ = {isa = PBXBuildFile; fileRef = 3C614B4E2B037B82009D1795 /* CustomTabBarController.swift */; };
		3C685F692A5009650064EE2A /* SettingSection.swift in Sources */ = {isa = PBXBuildFile; fileRef = 3C685F682A5009650064EE2A /* SettingSection.swift */; };
		3C6AD2352B318553000D93A0 /* CustomAlertController.swift in Sources */ = {isa = PBXBuildFile; fileRef = 3C6AD2342B318553000D93A0 /* CustomAlertController.swift */; };
		3C6AD2372B3193A8000D93A0 /* StorageServiceError.swift in Sources */ = {isa = PBXBuildFile; fileRef = 3C6AD2362B3193A8000D93A0 /* StorageServiceError.swift */; };
		3C6AD2392B31947B000D93A0 /* AlertView.swift in Sources */ = {isa = PBXBuildFile; fileRef = 3C6AD2382B31947B000D93A0 /* AlertView.swift */; };
		3C6AD23C2B31978D000D93A0 /* AlertViewCoordinator.swift in Sources */ = {isa = PBXBuildFile; fileRef = 3C6AD23B2B31978D000D93A0 /* AlertViewCoordinator.swift */; };
		3C74A3802B04CE1000377A73 /* Coordinator.swift in Sources */ = {isa = PBXBuildFile; fileRef = 3C74A37F2B04CE1000377A73 /* Coordinator.swift */; };
		3C74A3822B04E40400377A73 /* MainTabBarCoordinator.swift in Sources */ = {isa = PBXBuildFile; fileRef = 3C74A3812B04E40400377A73 /* MainTabBarCoordinator.swift */; };
		3C74A3842B04F66F00377A73 /* ExpenseViewCoordinator.swift in Sources */ = {isa = PBXBuildFile; fileRef = 3C74A3832B04F66F00377A73 /* ExpenseViewCoordinator.swift */; };
		3C74A3882B050D8800377A73 /* BookMarkViewCoordinator.swift in Sources */ = {isa = PBXBuildFile; fileRef = 3C74A3872B050D8800377A73 /* BookMarkViewCoordinator.swift */; };
		3C74A38B2B050DD200377A73 /* BookMarkViewReactor.swift in Sources */ = {isa = PBXBuildFile; fileRef = 3C74A38A2B050DD200377A73 /* BookMarkViewReactor.swift */; };
		3C765AE92B0F58B300EB7A6C /* SettingViewReactor.swift in Sources */ = {isa = PBXBuildFile; fileRef = 3C765AE82B0F58B300EB7A6C /* SettingViewReactor.swift */; };
		3C765AEB2B0F598600EB7A6C /* SettingViewCoordinator.swift in Sources */ = {isa = PBXBuildFile; fileRef = 3C765AEA2B0F598600EB7A6C /* SettingViewCoordinator.swift */; };
		3C78C8C92B21BBAD007FF68A /* AnalysisViewController.swift in Sources */ = {isa = PBXBuildFile; fileRef = 3C78C8C82B21BBAD007FF68A /* AnalysisViewController.swift */; };
		3C78C8CC2B21BBC4007FF68A /* AnalysisViewReactor.swift in Sources */ = {isa = PBXBuildFile; fileRef = 3C78C8CB2B21BBC4007FF68A /* AnalysisViewReactor.swift */; };
		3C78C8CE2B21BFF0007FF68A /* AnalysisViewCoordinator.swift in Sources */ = {isa = PBXBuildFile; fileRef = 3C78C8CD2B21BFF0007FF68A /* AnalysisViewCoordinator.swift */; };
		3C7A73612B1F0ED9003861C1 /* CalendarListViewCoordinator.swift in Sources */ = {isa = PBXBuildFile; fileRef = 3C7A73602B1F0ED9003861C1 /* CalendarListViewCoordinator.swift */; };
		3C7D424D2A51281E00304A8C /* Currency.swift in Sources */ = {isa = PBXBuildFile; fileRef = 3C7D424C2A51281E00304A8C /* Currency.swift */; };
		3C7DBD722A2211A400DA0EF8 /* UIViewController+Extension.swift in Sources */ = {isa = PBXBuildFile; fileRef = 3C7DBD712A2211A400DA0EF8 /* UIViewController+Extension.swift */; };
		3C7FD5032B03C1000084E650 /* CustomNavigationBar.swift in Sources */ = {isa = PBXBuildFile; fileRef = 3C7FD5022B03C1000084E650 /* CustomNavigationBar.swift */; };
		3C8175F92B19B1F4000E5761 /* CalendarViewReactor.swift in Sources */ = {isa = PBXBuildFile; fileRef = 3C8175F82B19B1F4000E5761 /* CalendarViewReactor.swift */; };
		3C852EFE2B184A9A00F48CD3 /* CalendarViewController.swift in Sources */ = {isa = PBXBuildFile; fileRef = 3C852EFD2B184A9A00F48CD3 /* CalendarViewController.swift */; };
		3C852F002B184F0400F48CD3 /* CalendarCell.swift in Sources */ = {isa = PBXBuildFile; fileRef = 3C852EFF2B184F0400F48CD3 /* CalendarCell.swift */; };
		3C852F052B185B0E00F48CD3 /* DateManageService.swift in Sources */ = {isa = PBXBuildFile; fileRef = 3C852F042B185B0E00F48CD3 /* DateManageService.swift */; };
		3C86FB882A1B407A000CC99B /* LimitAlbumViewController.swift in Sources */ = {isa = PBXBuildFile; fileRef = 3C86FB872A1B407A000CC99B /* LimitAlbumViewController.swift */; };
		3C86FB8C2A1B90ED000CC99B /* ImagePickerCell.swift in Sources */ = {isa = PBXBuildFile; fileRef = 3C86FB8B2A1B90ED000CC99B /* ImagePickerCell.swift */; };
		3C99A0992B329485006B274C /* OCRExtractorError.swift in Sources */ = {isa = PBXBuildFile; fileRef = 3C99A0982B329485006B274C /* OCRExtractorError.swift */; };
		3C9AA3462A0117D60014807B /* UIButton+Extension.swift in Sources */ = {isa = PBXBuildFile; fileRef = 3C9AA3452A0117D60014807B /* UIButton+Extension.swift */; };
		3C9AA3482A012C880014807B /* ExpenseNavigationBar.swift in Sources */ = {isa = PBXBuildFile; fileRef = 3C9AA3472A012C880014807B /* ExpenseNavigationBar.swift */; };
		3C9AA3502A012FC20014807B /* ListViewController.swift in Sources */ = {isa = PBXBuildFile; fileRef = 3C9AA34F2A012FC20014807B /* ListViewController.swift */; };
		3C9AA3532A012FE60014807B /* BookMarkViewController.swift in Sources */ = {isa = PBXBuildFile; fileRef = 3C9AA3522A012FE60014807B /* BookMarkViewController.swift */; };
		3C9AA3572A01301F0014807B /* DetailViewController.swift in Sources */ = {isa = PBXBuildFile; fileRef = 3C9AA3562A01301F0014807B /* DetailViewController.swift */; };
		3C9AA3592A0130310014807B /* ComposeViewController.swift in Sources */ = {isa = PBXBuildFile; fileRef = 3C9AA3582A0130310014807B /* ComposeViewController.swift */; };
		3CA536632B0CE55700EA77AA /* ImageRegisterCellView.swift in Sources */ = {isa = PBXBuildFile; fileRef = 3CA536622B0CE55700EA77AA /* ImageRegisterCellView.swift */; };
		3CA536652B0DFC1A00EA77AA /* KeyboardHandler.swift in Sources */ = {isa = PBXBuildFile; fileRef = 3CA536642B0DFC1A00EA77AA /* KeyboardHandler.swift */; };
		3CA5366A2B0E085B00EA77AA /* LimitAlbumViewReactor.swift in Sources */ = {isa = PBXBuildFile; fileRef = 3CA536692B0E085B00EA77AA /* LimitAlbumViewReactor.swift */; };
		3CA5366C2B0E0B2600EA77AA /* LimitAlbumViewCoordinator.swift in Sources */ = {isa = PBXBuildFile; fileRef = 3CA5366B2B0E0B2600EA77AA /* LimitAlbumViewCoordinator.swift */; };
		3CA7223A2B051749005347AB /* ListViewReactor.swift in Sources */ = {isa = PBXBuildFile; fileRef = 3CA722392B051749005347AB /* ListViewReactor.swift */; };
		3CA95B052B1F10730041394C /* CalendarListViewController.swift in Sources */ = {isa = PBXBuildFile; fileRef = 3CA95B042B1F10730041394C /* CalendarListViewController.swift */; };
		3CA95B082B1F108D0041394C /* CalendarListReactor.swift in Sources */ = {isa = PBXBuildFile; fileRef = 3CA95B072B1F108D0041394C /* CalendarListReactor.swift */; };
		3CAF8AF22A162444002251DD /* LargeImageViewController.swift in Sources */ = {isa = PBXBuildFile; fileRef = 3CAF8AF12A162444002251DD /* LargeImageViewController.swift */; };
		3CB4CF3E2A13486600E9CBAB /* DateFormatter+Extension.swift in Sources */ = {isa = PBXBuildFile; fileRef = 3CB4CF3D2A13486600E9CBAB /* DateFormatter+Extension.swift */; };
		3CB4CF402A13768900E9CBAB /* UIStackView+Extension.swift in Sources */ = {isa = PBXBuildFile; fileRef = 3CB4CF3F2A13768900E9CBAB /* UIStackView+Extension.swift */; };
		3CB4CF422A13D78000E9CBAB /* UIImage+Extension.swift in Sources */ = {isa = PBXBuildFile; fileRef = 3CB4CF412A13D78000E9CBAB /* UIImage+Extension.swift */; };
		3CB563F92A286D22008A6CD0 /* OCRExtractorService.swift in Sources */ = {isa = PBXBuildFile; fileRef = 3CB563F82A286D22008A6CD0 /* OCRExtractorService.swift */; };
		3CBABE412B21D2830001BA4F /* MonthControlView.swift in Sources */ = {isa = PBXBuildFile; fileRef = 3CBABE402B21D2830001BA4F /* MonthControlView.swift */; };
		3CBD9FAF2B2FF16E009E66E8 /* GoogleService-Info.plist in Resources */ = {isa = PBXBuildFile; fileRef = 3CBD9FAE2B2FF16E009E66E8 /* GoogleService-Info.plist */; };
		3CC335842B22D2C5005982AA /* Double+Extension.swift in Sources */ = {isa = PBXBuildFile; fileRef = 3CC335832B22D2C5005982AA /* Double+Extension.swift */; };
		3CC893B72A0CC06900055872 /* UILabel+Extension.swift in Sources */ = {isa = PBXBuildFile; fileRef = 3CC893B62A0CC06900055872 /* UILabel+Extension.swift */; };
		3CC893B92A0CC07400055872 /* UITextField+Extension.swift in Sources */ = {isa = PBXBuildFile; fileRef = 3CC893B82A0CC07400055872 /* UITextField+Extension.swift */; };
		3CC893BB2A0CCCDB00055872 /* ImageCell.swift in Sources */ = {isa = PBXBuildFile; fileRef = 3CC893BA2A0CCCDB00055872 /* ImageCell.swift */; };
		3CC8DAD12B52BF6C00FE89B4 /* ExpenseRepository.swift in Sources */ = {isa = PBXBuildFile; fileRef = 3CC8DAD02B52BF6C00FE89B4 /* ExpenseRepository.swift */; };
		3CC8DAD32B52C4A400FE89B4 /* OCRRepository.swift in Sources */ = {isa = PBXBuildFile; fileRef = 3CC8DAD22B52C4A400FE89B4 /* OCRRepository.swift */; };
		3CC8DAD52B52C61800FE89B4 /* CurrencyRepository.swift in Sources */ = {isa = PBXBuildFile; fileRef = 3CC8DAD42B52C61800FE89B4 /* CurrencyRepository.swift */; };
		3CC8DAD72B52C84100FE89B4 /* DateRepository.swift in Sources */ = {isa = PBXBuildFile; fileRef = 3CC8DAD62B52C84100FE89B4 /* DateRepository.swift */; };
		3CD62AF52B12F71000D10E54 /* UserDefaultService.swift in Sources */ = {isa = PBXBuildFile; fileRef = 3CD62AF42B12F71000D10E54 /* UserDefaultService.swift */; };
		3CD8B9322B065E4400968A7E /* DetailViewReactor.swift in Sources */ = {isa = PBXBuildFile; fileRef = 3CD8B9312B065E4400968A7E /* DetailViewReactor.swift */; };
		3CD8B9352B0664FA00968A7E /* DetailViewCoordinator.swift in Sources */ = {isa = PBXBuildFile; fileRef = 3CD8B9342B0664FA00968A7E /* DetailViewCoordinator.swift */; };
		3CDCDC4529FBDF1200C2BEF6 /* .swiftlint.yml in Resources */ = {isa = PBXBuildFile; fileRef = 3CDCDC4429FBDF1200C2BEF6 /* .swiftlint.yml */; };
		3CDCDC4E29FC00C700C2BEF6 /* Receipt.swift in Sources */ = {isa = PBXBuildFile; fileRef = 3CDCDC4D29FC00C700C2BEF6 /* Receipt.swift */; };
		3CDCDC5029FC02B300C2BEF6 /* PayType.swift in Sources */ = {isa = PBXBuildFile; fileRef = 3CDCDC4F29FC02B300C2BEF6 /* PayType.swift */; };
		3CDCDC5529FC050B00C2BEF6 /* StorageService.swift in Sources */ = {isa = PBXBuildFile; fileRef = 3CDCDC5429FC050B00C2BEF6 /* StorageService.swift */; };
		3CDD520B2B29A0D400C0306A /* ListViewReactorTests.swift in Sources */ = {isa = PBXBuildFile; fileRef = 3CDD520A2B29A0D400C0306A /* ListViewReactorTests.swift */; };
		3CDD520E2B29A15F00C0306A /* MockStoragService.swift in Sources */ = {isa = PBXBuildFile; fileRef = 3CDD520D2B29A15F00C0306A /* MockStoragService.swift */; };
		3CDD52102B29A4E900C0306A /* MockUserDefaultService.swift in Sources */ = {isa = PBXBuildFile; fileRef = 3CDD520F2B29A4E900C0306A /* MockUserDefaultService.swift */; };
		3CDD52122B29AFDE00C0306A /* DetailViewReactorTests.swift in Sources */ = {isa = PBXBuildFile; fileRef = 3CDD52112B29AFDE00C0306A /* DetailViewReactorTests.swift */; };
		3CDD52172B29B8CF00C0306A /* BookMarkViewReactorTests.swift in Sources */ = {isa = PBXBuildFile; fileRef = 3CDD52162B29B8CF00C0306A /* BookMarkViewReactorTests.swift */; };
		3CDD52192B29BC8200C0306A /* CalendarViewReactorTests.swift in Sources */ = {isa = PBXBuildFile; fileRef = 3CDD52182B29BC8200C0306A /* CalendarViewReactorTests.swift */; };
		3CDD521B2B29C93100C0306A /* SearchViewReactorTests.swift in Sources */ = {isa = PBXBuildFile; fileRef = 3CDD521A2B29C93100C0306A /* SearchViewReactorTests.swift */; };
		3CE07C592A4C841100C1AE73 /* Localizable.strings in Resources */ = {isa = PBXBuildFile; fileRef = 3CE07C5B2A4C841100C1AE73 /* Localizable.strings */; };
		3CE14F922B579F5A00471931 /* ExpenseRepositoryTests.swift in Sources */ = {isa = PBXBuildFile; fileRef = 3CE14F912B579F5A00471931 /* ExpenseRepositoryTests.swift */; };
		3CE14F942B57A77E00471931 /* OCRRepositoryTests.swift in Sources */ = {isa = PBXBuildFile; fileRef = 3CE14F932B57A77E00471931 /* OCRRepositoryTests.swift */; };
		3CE14F962B57AA1800471931 /* CurrencyRepositoryTests.swift in Sources */ = {isa = PBXBuildFile; fileRef = 3CE14F952B57AA1800471931 /* CurrencyRepositoryTests.swift */; };
		3CE78EE72B15E529008743A1 /* BasePaddingLabel.swift in Sources */ = {isa = PBXBuildFile; fileRef = 3CE78EE62B15E529008743A1 /* BasePaddingLabel.swift */; };
		3CF106B42A4DBD250056874B /* InfoPlist.strings in Resources */ = {isa = PBXBuildFile; fileRef = 3CF106B62A4DBD250056874B /* InfoPlist.strings */; };
		3CF5EB4C2B2575C100A524C5 /* PayTypeRatingView.swift in Sources */ = {isa = PBXBuildFile; fileRef = 3CF5EB4B2B2575C100A524C5 /* PayTypeRatingView.swift */; };
		3CF8BA2D2A4D6F68002A18D0 /* String+Extension.swift in Sources */ = {isa = PBXBuildFile; fileRef = 3CF8BA2C2A4D6F68002A18D0 /* String+Extension.swift */; };
		3CFBF7FD2B282ED50010DC83 /* OCRResultView.swift in Sources */ = {isa = PBXBuildFile; fileRef = 3CFBF7FC2B282ED50010DC83 /* OCRResultView.swift */; };
		3CFCB4762B1387D50045075C /* ListTableViewCellReactor.swift in Sources */ = {isa = PBXBuildFile; fileRef = 3CFCB4752B1387D40045075C /* ListTableViewCellReactor.swift */; };
		3CFD89572B2AFB6300EC5B7D /* NumberFormatterExtensionTests.swift in Sources */ = {isa = PBXBuildFile; fileRef = 3CFD89562B2AFB6300EC5B7D /* NumberFormatterExtensionTests.swift */; };
		3CFD89592B2B006B00EC5B7D /* DoubleExtensionTests.swift in Sources */ = {isa = PBXBuildFile; fileRef = 3CFD89582B2B006B00EC5B7D /* DoubleExtensionTests.swift */; };
		7963589C5E5A90D4159DB45D /* Pods_ReceiptManager.framework in Frameworks */ = {isa = PBXBuildFile; fileRef = 2AE16A352E7493CA7F7B41A8 /* Pods_ReceiptManager.framework */; };
/* End PBXBuildFile section */

/* Begin PBXContainerItemProxy section */
		3C07528F2B298E0600C58066 /* PBXContainerItemProxy */ = {
			isa = PBXContainerItemProxy;
			containerPortal = 3C2E18CA29FBCC5F00E8E9C6 /* Project object */;
			proxyType = 1;
			remoteGlobalIDString = 3C2E18D129FBCC5F00E8E9C6;
			remoteInfo = ReceiptManager;
		};
/* End PBXContainerItemProxy section */

/* Begin PBXFileReference section */
		092C0F5279C9E5DFB5AA2CAA /* Pods-ReactorTests.release.xcconfig */ = {isa = PBXFileReference; includeInIndex = 1; lastKnownFileType = text.xcconfig; name = "Pods-ReactorTests.release.xcconfig"; path = "Target Support Files/Pods-ReactorTests/Pods-ReactorTests.release.xcconfig"; sourceTree = "<group>"; };
		0DEC07D71F2903D2A0731BC0 /* Pods-ReceiptManager.release.xcconfig */ = {isa = PBXFileReference; includeInIndex = 1; lastKnownFileType = text.xcconfig; name = "Pods-ReceiptManager.release.xcconfig"; path = "Target Support Files/Pods-ReceiptManager/Pods-ReceiptManager.release.xcconfig"; sourceTree = "<group>"; };
		1A63657D9626345E468AA028 /* Pods-ReceiptManager.debug.xcconfig */ = {isa = PBXFileReference; includeInIndex = 1; lastKnownFileType = text.xcconfig; name = "Pods-ReceiptManager.debug.xcconfig"; path = "Target Support Files/Pods-ReceiptManager/Pods-ReceiptManager.debug.xcconfig"; sourceTree = "<group>"; };
		2AE16A352E7493CA7F7B41A8 /* Pods_ReceiptManager.framework */ = {isa = PBXFileReference; explicitFileType = wrapper.framework; includeInIndex = 0; path = Pods_ReceiptManager.framework; sourceTree = BUILT_PRODUCTS_DIR; };
		3C05E0982B0C76BA0062C3F7 /* ComposeViewReactor.swift */ = {isa = PBXFileReference; lastKnownFileType = sourcecode.swift; path = ComposeViewReactor.swift; sourceTree = "<group>"; };
		3C05E09C2B0C80F30062C3F7 /* ComposeViewCoordinator.swift */ = {isa = PBXFileReference; lastKnownFileType = sourcecode.swift; path = ComposeViewCoordinator.swift; sourceTree = "<group>"; };
		3C07528B2B298E0600C58066 /* ReceiptManagerTests.xctest */ = {isa = PBXFileReference; explicitFileType = wrapper.cfbundle; includeInIndex = 0; path = ReceiptManagerTests.xctest; sourceTree = BUILT_PRODUCTS_DIR; };
		3C07528D2B298E0600C58066 /* ExpenseViewReactorTests.swift */ = {isa = PBXFileReference; lastKnownFileType = sourcecode.swift; path = ExpenseViewReactorTests.swift; sourceTree = "<group>"; };
		3C07529A2B298E9B00C58066 /* RxSwift.framework */ = {isa = PBXFileReference; explicitFileType = wrapper.framework; path = RxSwift.framework; sourceTree = BUILT_PRODUCTS_DIR; };
		3C088A492B1F782500FFFB74 /* BottomSheetViewController.swift */ = {isa = PBXFileReference; lastKnownFileType = sourcecode.swift; path = BottomSheetViewController.swift; sourceTree = "<group>"; };
		3C0894BF2A4DD4B300C6E7CD /* ja */ = {isa = PBXFileReference; lastKnownFileType = text.plist.strings; name = ja; path = ja.lproj/Localizable.strings; sourceTree = "<group>"; };
		3C0894C02A4DD4B300C6E7CD /* ja */ = {isa = PBXFileReference; lastKnownFileType = text.plist.strings; name = ja; path = ja.lproj/InfoPlist.strings; sourceTree = "<group>"; };
		3C0894C22A4E6AF900C6E7CD /* SettingViewController.swift */ = {isa = PBXFileReference; lastKnownFileType = sourcecode.swift; path = SettingViewController.swift; sourceTree = "<group>"; };
		3C0894C72A4E87F600C6E7CD /* SettingCell.swift */ = {isa = PBXFileReference; lastKnownFileType = sourcecode.swift; path = SettingCell.swift; sourceTree = "<group>"; };
		3C1B368F2A3441D300749774 /* ConstantImage.swift */ = {isa = PBXFileReference; lastKnownFileType = sourcecode.swift; path = ConstantImage.swift; sourceTree = "<group>"; };
		3C1B36912A34460000749774 /* CameraAlbumAccess.swift */ = {isa = PBXFileReference; lastKnownFileType = sourcecode.swift; path = CameraAlbumAccess.swift; sourceTree = "<group>"; };
		3C1C1B362A16072900A3D0A0 /* ConstantText.swift */ = {isa = PBXFileReference; lastKnownFileType = sourcecode.swift; path = ConstantText.swift; sourceTree = "<group>"; };
		3C26F1172B261BE500A28AA0 /* UIColor+Extension.swift */ = {isa = PBXFileReference; lastKnownFileType = sourcecode.swift; path = "UIColor+Extension.swift"; sourceTree = "<group>"; };
		3C2E18D229FBCC5F00E8E9C6 /* ReceiptManager.app */ = {isa = PBXFileReference; explicitFileType = wrapper.application; includeInIndex = 0; path = ReceiptManager.app; sourceTree = BUILT_PRODUCTS_DIR; };
		3C2E18D529FBCC5F00E8E9C6 /* AppDelegate.swift */ = {isa = PBXFileReference; lastKnownFileType = sourcecode.swift; path = AppDelegate.swift; sourceTree = "<group>"; };
		3C2E18D729FBCC5F00E8E9C6 /* SceneDelegate.swift */ = {isa = PBXFileReference; lastKnownFileType = sourcecode.swift; path = SceneDelegate.swift; sourceTree = "<group>"; };
		3C2E18D929FBCC5F00E8E9C6 /* ExpenseViewController.swift */ = {isa = PBXFileReference; lastKnownFileType = sourcecode.swift; path = ExpenseViewController.swift; sourceTree = "<group>"; };
		3C2E18DF29FBCC5F00E8E9C6 /* ReceiptManager.xcdatamodel */ = {isa = PBXFileReference; lastKnownFileType = wrapper.xcdatamodel; path = ReceiptManager.xcdatamodel; sourceTree = "<group>"; };
		3C2E18E129FBCC6100E8E9C6 /* Assets.xcassets */ = {isa = PBXFileReference; lastKnownFileType = folder.assetcatalog; path = Assets.xcassets; sourceTree = "<group>"; };
		3C2E18E429FBCC6100E8E9C6 /* Base */ = {isa = PBXFileReference; lastKnownFileType = file.storyboard; name = Base; path = Base.lproj/LaunchScreen.storyboard; sourceTree = "<group>"; };
		3C2E18E629FBCC6100E8E9C6 /* Info.plist */ = {isa = PBXFileReference; lastKnownFileType = text.plist.xml; path = Info.plist; sourceTree = "<group>"; };
		3C32F8FD2AE903A800A805AD /* MappingModelV1toV2.xcmappingmodel */ = {isa = PBXFileReference; lastKnownFileType = wrapper.xcmappingmodel; path = MappingModelV1toV2.xcmappingmodel; sourceTree = "<group>"; };
		3C333E252A31F35C00E8C28A /* SearchViewController.swift */ = {isa = PBXFileReference; lastKnownFileType = sourcecode.swift; path = SearchViewController.swift; sourceTree = "<group>"; };
		3C33883E2B051CFD00A9613B /* ListViewCoordinator.swift */ = {isa = PBXFileReference; lastKnownFileType = sourcecode.swift; path = ListViewCoordinator.swift; sourceTree = "<group>"; };
		3C3E95642A14BAB80020A0FE /* NumberFormatter+Extension.swift */ = {isa = PBXFileReference; lastKnownFileType = sourcecode.swift; path = "NumberFormatter+Extension.swift"; sourceTree = "<group>"; };
		3C3F55472B1CCE3C00A6EAB5 /* CalendarCellReactor.swift */ = {isa = PBXFileReference; lastKnownFileType = sourcecode.swift; path = CalendarCellReactor.swift; sourceTree = "<group>"; };
		3C3F7ADB2B1EDB22003DCA85 /* CalendarViewCoordinator.swift */ = {isa = PBXFileReference; lastKnownFileType = sourcecode.swift; path = CalendarViewCoordinator.swift; sourceTree = "<group>"; };
		3C3F7ADD2B1EFA8F003DCA85 /* SearchViewCoordinator.swift */ = {isa = PBXFileReference; lastKnownFileType = sourcecode.swift; path = SearchViewCoordinator.swift; sourceTree = "<group>"; };
		3C4405C02B049F240005BA4C /* ExpenseViewReactor.swift */ = {isa = PBXFileReference; lastKnownFileType = sourcecode.swift; path = ExpenseViewReactor.swift; sourceTree = "<group>"; };
		3C4405C32B049F920005BA4C /* SearchViewReactor.swift */ = {isa = PBXFileReference; lastKnownFileType = sourcecode.swift; path = SearchViewReactor.swift; sourceTree = "<group>"; };
		3C485BBE2A28912D007F7229 /* ComposeInformationView.swift */ = {isa = PBXFileReference; lastKnownFileType = sourcecode.swift; path = ComposeInformationView.swift; sourceTree = "<group>"; };
		3C4B648A2B2AD1BF00895494 /* ComposeViewReactorTests.swift */ = {isa = PBXFileReference; lastKnownFileType = sourcecode.swift; path = ComposeViewReactorTests.swift; sourceTree = "<group>"; };
		3C4B648C2B2AE2F800895494 /* MockOCRExtractorService.swift */ = {isa = PBXFileReference; lastKnownFileType = sourcecode.swift; path = MockOCRExtractorService.swift; sourceTree = "<group>"; };
		3C4B648E2B2AE5EB00895494 /* AnalysisViewReactorTests.swift */ = {isa = PBXFileReference; lastKnownFileType = sourcecode.swift; path = AnalysisViewReactorTests.swift; sourceTree = "<group>"; };
		3C56C6592A08EAFE0058869C /* ConstantColor.swift */ = {isa = PBXFileReference; lastKnownFileType = sourcecode.swift; path = ConstantColor.swift; sourceTree = "<group>"; };
		3C56C65B2A08ECED0058869C /* ListTableViewCell.swift */ = {isa = PBXFileReference; lastKnownFileType = sourcecode.swift; path = ListTableViewCell.swift; sourceTree = "<group>"; };
		3C56C65E2A0963A50058869C /* CellReuseIdentifiable.swift */ = {isa = PBXFileReference; lastKnownFileType = sourcecode.swift; path = CellReuseIdentifiable.swift; sourceTree = "<group>"; };
		3C614B472B036AC1009D1795 /* CustomItemView.swift */ = {isa = PBXFileReference; lastKnownFileType = sourcecode.swift; path = CustomItemView.swift; sourceTree = "<group>"; };
		3C614B4A2B03730D009D1795 /* CustomTabItem.swift */ = {isa = PBXFileReference; lastKnownFileType = sourcecode.swift; path = CustomTabItem.swift; sourceTree = "<group>"; };
		3C614B4C2B03759B009D1795 /* CustomTabBar.swift */ = {isa = PBXFileReference; lastKnownFileType = sourcecode.swift; path = CustomTabBar.swift; sourceTree = "<group>"; };
		3C614B4E2B037B82009D1795 /* CustomTabBarController.swift */ = {isa = PBXFileReference; lastKnownFileType = sourcecode.swift; path = CustomTabBarController.swift; sourceTree = "<group>"; };
		3C685F682A5009650064EE2A /* SettingSection.swift */ = {isa = PBXFileReference; lastKnownFileType = sourcecode.swift; path = SettingSection.swift; sourceTree = "<group>"; };
		3C6AD2342B318553000D93A0 /* CustomAlertController.swift */ = {isa = PBXFileReference; lastKnownFileType = sourcecode.swift; path = CustomAlertController.swift; sourceTree = "<group>"; };
		3C6AD2362B3193A8000D93A0 /* StorageServiceError.swift */ = {isa = PBXFileReference; lastKnownFileType = sourcecode.swift; path = StorageServiceError.swift; sourceTree = "<group>"; };
		3C6AD2382B31947B000D93A0 /* AlertView.swift */ = {isa = PBXFileReference; lastKnownFileType = sourcecode.swift; path = AlertView.swift; sourceTree = "<group>"; };
		3C6AD23B2B31978D000D93A0 /* AlertViewCoordinator.swift */ = {isa = PBXFileReference; lastKnownFileType = sourcecode.swift; path = AlertViewCoordinator.swift; sourceTree = "<group>"; };
		3C74A37F2B04CE1000377A73 /* Coordinator.swift */ = {isa = PBXFileReference; lastKnownFileType = sourcecode.swift; path = Coordinator.swift; sourceTree = "<group>"; };
		3C74A3812B04E40400377A73 /* MainTabBarCoordinator.swift */ = {isa = PBXFileReference; lastKnownFileType = sourcecode.swift; path = MainTabBarCoordinator.swift; sourceTree = "<group>"; };
		3C74A3832B04F66F00377A73 /* ExpenseViewCoordinator.swift */ = {isa = PBXFileReference; lastKnownFileType = sourcecode.swift; path = ExpenseViewCoordinator.swift; sourceTree = "<group>"; };
		3C74A3872B050D8800377A73 /* BookMarkViewCoordinator.swift */ = {isa = PBXFileReference; lastKnownFileType = sourcecode.swift; path = BookMarkViewCoordinator.swift; sourceTree = "<group>"; };
		3C74A38A2B050DD200377A73 /* BookMarkViewReactor.swift */ = {isa = PBXFileReference; lastKnownFileType = sourcecode.swift; path = BookMarkViewReactor.swift; sourceTree = "<group>"; };
		3C765AE82B0F58B300EB7A6C /* SettingViewReactor.swift */ = {isa = PBXFileReference; lastKnownFileType = sourcecode.swift; path = SettingViewReactor.swift; sourceTree = "<group>"; };
		3C765AEA2B0F598600EB7A6C /* SettingViewCoordinator.swift */ = {isa = PBXFileReference; lastKnownFileType = sourcecode.swift; path = SettingViewCoordinator.swift; sourceTree = "<group>"; };
		3C78C8C82B21BBAD007FF68A /* AnalysisViewController.swift */ = {isa = PBXFileReference; lastKnownFileType = sourcecode.swift; path = AnalysisViewController.swift; sourceTree = "<group>"; };
		3C78C8CB2B21BBC4007FF68A /* AnalysisViewReactor.swift */ = {isa = PBXFileReference; lastKnownFileType = sourcecode.swift; path = AnalysisViewReactor.swift; sourceTree = "<group>"; };
		3C78C8CD2B21BFF0007FF68A /* AnalysisViewCoordinator.swift */ = {isa = PBXFileReference; lastKnownFileType = sourcecode.swift; path = AnalysisViewCoordinator.swift; sourceTree = "<group>"; };
		3C7A73602B1F0ED9003861C1 /* CalendarListViewCoordinator.swift */ = {isa = PBXFileReference; lastKnownFileType = sourcecode.swift; path = CalendarListViewCoordinator.swift; sourceTree = "<group>"; };
		3C7D424C2A51281E00304A8C /* Currency.swift */ = {isa = PBXFileReference; lastKnownFileType = sourcecode.swift; path = Currency.swift; sourceTree = "<group>"; };
		3C7DBD712A2211A400DA0EF8 /* UIViewController+Extension.swift */ = {isa = PBXFileReference; lastKnownFileType = sourcecode.swift; path = "UIViewController+Extension.swift"; sourceTree = "<group>"; };
		3C7FD5022B03C1000084E650 /* CustomNavigationBar.swift */ = {isa = PBXFileReference; lastKnownFileType = sourcecode.swift; path = CustomNavigationBar.swift; sourceTree = "<group>"; };
		3C8175F82B19B1F4000E5761 /* CalendarViewReactor.swift */ = {isa = PBXFileReference; lastKnownFileType = sourcecode.swift; path = CalendarViewReactor.swift; sourceTree = "<group>"; };
		3C852EFD2B184A9A00F48CD3 /* CalendarViewController.swift */ = {isa = PBXFileReference; lastKnownFileType = sourcecode.swift; path = CalendarViewController.swift; sourceTree = "<group>"; };
		3C852EFF2B184F0400F48CD3 /* CalendarCell.swift */ = {isa = PBXFileReference; lastKnownFileType = sourcecode.swift; path = CalendarCell.swift; sourceTree = "<group>"; };
		3C852F042B185B0E00F48CD3 /* DateManageService.swift */ = {isa = PBXFileReference; lastKnownFileType = sourcecode.swift; path = DateManageService.swift; sourceTree = "<group>"; };
		3C86FB872A1B407A000CC99B /* LimitAlbumViewController.swift */ = {isa = PBXFileReference; lastKnownFileType = sourcecode.swift; path = LimitAlbumViewController.swift; sourceTree = "<group>"; };
		3C86FB8B2A1B90ED000CC99B /* ImagePickerCell.swift */ = {isa = PBXFileReference; lastKnownFileType = sourcecode.swift; path = ImagePickerCell.swift; sourceTree = "<group>"; };
		3C99A0982B329485006B274C /* OCRExtractorError.swift */ = {isa = PBXFileReference; lastKnownFileType = sourcecode.swift; path = OCRExtractorError.swift; sourceTree = "<group>"; };
		3C9AA3452A0117D60014807B /* UIButton+Extension.swift */ = {isa = PBXFileReference; lastKnownFileType = sourcecode.swift; path = "UIButton+Extension.swift"; sourceTree = "<group>"; };
		3C9AA3472A012C880014807B /* ExpenseNavigationBar.swift */ = {isa = PBXFileReference; lastKnownFileType = sourcecode.swift; path = ExpenseNavigationBar.swift; sourceTree = "<group>"; };
		3C9AA34F2A012FC20014807B /* ListViewController.swift */ = {isa = PBXFileReference; lastKnownFileType = sourcecode.swift; path = ListViewController.swift; sourceTree = "<group>"; };
		3C9AA3522A012FE60014807B /* BookMarkViewController.swift */ = {isa = PBXFileReference; lastKnownFileType = sourcecode.swift; path = BookMarkViewController.swift; sourceTree = "<group>"; };
		3C9AA3562A01301F0014807B /* DetailViewController.swift */ = {isa = PBXFileReference; lastKnownFileType = sourcecode.swift; path = DetailViewController.swift; sourceTree = "<group>"; };
		3C9AA3582A0130310014807B /* ComposeViewController.swift */ = {isa = PBXFileReference; lastKnownFileType = sourcecode.swift; path = ComposeViewController.swift; sourceTree = "<group>"; };
		3CA536622B0CE55700EA77AA /* ImageRegisterCellView.swift */ = {isa = PBXFileReference; lastKnownFileType = sourcecode.swift; path = ImageRegisterCellView.swift; sourceTree = "<group>"; };
		3CA536642B0DFC1A00EA77AA /* KeyboardHandler.swift */ = {isa = PBXFileReference; lastKnownFileType = sourcecode.swift; path = KeyboardHandler.swift; sourceTree = "<group>"; };
		3CA536692B0E085B00EA77AA /* LimitAlbumViewReactor.swift */ = {isa = PBXFileReference; lastKnownFileType = sourcecode.swift; path = LimitAlbumViewReactor.swift; sourceTree = "<group>"; };
		3CA5366B2B0E0B2600EA77AA /* LimitAlbumViewCoordinator.swift */ = {isa = PBXFileReference; lastKnownFileType = sourcecode.swift; path = LimitAlbumViewCoordinator.swift; sourceTree = "<group>"; };
		3CA722392B051749005347AB /* ListViewReactor.swift */ = {isa = PBXFileReference; lastKnownFileType = sourcecode.swift; path = ListViewReactor.swift; sourceTree = "<group>"; };
		3CA95B042B1F10730041394C /* CalendarListViewController.swift */ = {isa = PBXFileReference; lastKnownFileType = sourcecode.swift; path = CalendarListViewController.swift; sourceTree = "<group>"; };
		3CA95B072B1F108D0041394C /* CalendarListReactor.swift */ = {isa = PBXFileReference; lastKnownFileType = sourcecode.swift; path = CalendarListReactor.swift; sourceTree = "<group>"; };
		3CAB95782AE8EB4500BD0839 /* ReceiptManager v2.xcdatamodel */ = {isa = PBXFileReference; lastKnownFileType = wrapper.xcdatamodel; path = "ReceiptManager v2.xcdatamodel"; sourceTree = "<group>"; };
		3CAF8AF12A162444002251DD /* LargeImageViewController.swift */ = {isa = PBXFileReference; lastKnownFileType = sourcecode.swift; path = LargeImageViewController.swift; sourceTree = "<group>"; };
		3CB4CF3D2A13486600E9CBAB /* DateFormatter+Extension.swift */ = {isa = PBXFileReference; lastKnownFileType = sourcecode.swift; path = "DateFormatter+Extension.swift"; sourceTree = "<group>"; };
		3CB4CF3F2A13768900E9CBAB /* UIStackView+Extension.swift */ = {isa = PBXFileReference; lastKnownFileType = sourcecode.swift; path = "UIStackView+Extension.swift"; sourceTree = "<group>"; };
		3CB4CF412A13D78000E9CBAB /* UIImage+Extension.swift */ = {isa = PBXFileReference; lastKnownFileType = sourcecode.swift; path = "UIImage+Extension.swift"; sourceTree = "<group>"; };
		3CB563F82A286D22008A6CD0 /* OCRExtractorService.swift */ = {isa = PBXFileReference; lastKnownFileType = sourcecode.swift; path = OCRExtractorService.swift; sourceTree = "<group>"; };
		3CBABE402B21D2830001BA4F /* MonthControlView.swift */ = {isa = PBXFileReference; lastKnownFileType = sourcecode.swift; path = MonthControlView.swift; sourceTree = "<group>"; };
		3CBD9FAE2B2FF16E009E66E8 /* GoogleService-Info.plist */ = {isa = PBXFileReference; fileEncoding = 4; lastKnownFileType = text.plist.xml; path = "GoogleService-Info.plist"; sourceTree = "<group>"; };
		3CC335832B22D2C5005982AA /* Double+Extension.swift */ = {isa = PBXFileReference; lastKnownFileType = sourcecode.swift; path = "Double+Extension.swift"; sourceTree = "<group>"; };
		3CC893B62A0CC06900055872 /* UILabel+Extension.swift */ = {isa = PBXFileReference; lastKnownFileType = sourcecode.swift; path = "UILabel+Extension.swift"; sourceTree = "<group>"; };
		3CC893B82A0CC07400055872 /* UITextField+Extension.swift */ = {isa = PBXFileReference; lastKnownFileType = sourcecode.swift; path = "UITextField+Extension.swift"; sourceTree = "<group>"; };
		3CC893BA2A0CCCDB00055872 /* ImageCell.swift */ = {isa = PBXFileReference; lastKnownFileType = sourcecode.swift; path = ImageCell.swift; sourceTree = "<group>"; };
		3CC8DAD02B52BF6C00FE89B4 /* ExpenseRepository.swift */ = {isa = PBXFileReference; lastKnownFileType = sourcecode.swift; path = ExpenseRepository.swift; sourceTree = "<group>"; };
		3CC8DAD22B52C4A400FE89B4 /* OCRRepository.swift */ = {isa = PBXFileReference; lastKnownFileType = sourcecode.swift; path = OCRRepository.swift; sourceTree = "<group>"; };
		3CC8DAD42B52C61800FE89B4 /* CurrencyRepository.swift */ = {isa = PBXFileReference; lastKnownFileType = sourcecode.swift; path = CurrencyRepository.swift; sourceTree = "<group>"; };
		3CC8DAD62B52C84100FE89B4 /* DateRepository.swift */ = {isa = PBXFileReference; lastKnownFileType = sourcecode.swift; path = DateRepository.swift; sourceTree = "<group>"; };
		3CD62AF42B12F71000D10E54 /* UserDefaultService.swift */ = {isa = PBXFileReference; lastKnownFileType = sourcecode.swift; path = UserDefaultService.swift; sourceTree = "<group>"; };
		3CD8B9312B065E4400968A7E /* DetailViewReactor.swift */ = {isa = PBXFileReference; lastKnownFileType = sourcecode.swift; path = DetailViewReactor.swift; sourceTree = "<group>"; };
		3CD8B9342B0664FA00968A7E /* DetailViewCoordinator.swift */ = {isa = PBXFileReference; lastKnownFileType = sourcecode.swift; path = DetailViewCoordinator.swift; sourceTree = "<group>"; };
		3CDCDC4429FBDF1200C2BEF6 /* .swiftlint.yml */ = {isa = PBXFileReference; lastKnownFileType = text.yaml; path = .swiftlint.yml; sourceTree = "<group>"; };
		3CDCDC4D29FC00C700C2BEF6 /* Receipt.swift */ = {isa = PBXFileReference; lastKnownFileType = sourcecode.swift; path = Receipt.swift; sourceTree = "<group>"; };
		3CDCDC4F29FC02B300C2BEF6 /* PayType.swift */ = {isa = PBXFileReference; lastKnownFileType = sourcecode.swift; path = PayType.swift; sourceTree = "<group>"; };
		3CDCDC5429FC050B00C2BEF6 /* StorageService.swift */ = {isa = PBXFileReference; lastKnownFileType = sourcecode.swift; path = StorageService.swift; sourceTree = "<group>"; };
		3CDD520A2B29A0D400C0306A /* ListViewReactorTests.swift */ = {isa = PBXFileReference; lastKnownFileType = sourcecode.swift; path = ListViewReactorTests.swift; sourceTree = "<group>"; };
		3CDD520D2B29A15F00C0306A /* MockStoragService.swift */ = {isa = PBXFileReference; lastKnownFileType = sourcecode.swift; path = MockStoragService.swift; sourceTree = "<group>"; };
		3CDD520F2B29A4E900C0306A /* MockUserDefaultService.swift */ = {isa = PBXFileReference; lastKnownFileType = sourcecode.swift; path = MockUserDefaultService.swift; sourceTree = "<group>"; };
		3CDD52112B29AFDE00C0306A /* DetailViewReactorTests.swift */ = {isa = PBXFileReference; lastKnownFileType = sourcecode.swift; path = DetailViewReactorTests.swift; sourceTree = "<group>"; };
		3CDD52162B29B8CF00C0306A /* BookMarkViewReactorTests.swift */ = {isa = PBXFileReference; lastKnownFileType = sourcecode.swift; path = BookMarkViewReactorTests.swift; sourceTree = "<group>"; };
		3CDD52182B29BC8200C0306A /* CalendarViewReactorTests.swift */ = {isa = PBXFileReference; lastKnownFileType = sourcecode.swift; path = CalendarViewReactorTests.swift; sourceTree = "<group>"; };
		3CDD521A2B29C93100C0306A /* SearchViewReactorTests.swift */ = {isa = PBXFileReference; lastKnownFileType = sourcecode.swift; path = SearchViewReactorTests.swift; sourceTree = "<group>"; };
		3CE07C5A2A4C841100C1AE73 /* en */ = {isa = PBXFileReference; lastKnownFileType = text.plist.strings; name = en; path = en.lproj/Localizable.strings; sourceTree = "<group>"; };
		3CE07C5C2A4C846200C1AE73 /* ko */ = {isa = PBXFileReference; lastKnownFileType = text.plist.strings; name = ko; path = ko.lproj/Localizable.strings; sourceTree = "<group>"; };
		3CE14F912B579F5A00471931 /* ExpenseRepositoryTests.swift */ = {isa = PBXFileReference; lastKnownFileType = sourcecode.swift; path = ExpenseRepositoryTests.swift; sourceTree = "<group>"; };
		3CE14F932B57A77E00471931 /* OCRRepositoryTests.swift */ = {isa = PBXFileReference; lastKnownFileType = sourcecode.swift; path = OCRRepositoryTests.swift; sourceTree = "<group>"; };
		3CE14F952B57AA1800471931 /* CurrencyRepositoryTests.swift */ = {isa = PBXFileReference; lastKnownFileType = sourcecode.swift; path = CurrencyRepositoryTests.swift; sourceTree = "<group>"; };
		3CE78EE62B15E529008743A1 /* BasePaddingLabel.swift */ = {isa = PBXFileReference; lastKnownFileType = sourcecode.swift; path = BasePaddingLabel.swift; sourceTree = "<group>"; };
		3CF106B52A4DBD250056874B /* en */ = {isa = PBXFileReference; lastKnownFileType = text.plist.strings; name = en; path = en.lproj/InfoPlist.strings; sourceTree = "<group>"; };
		3CF106B72A4DBD2B0056874B /* ko */ = {isa = PBXFileReference; lastKnownFileType = text.plist.strings; name = ko; path = ko.lproj/InfoPlist.strings; sourceTree = "<group>"; };
		3CF5EB4B2B2575C100A524C5 /* PayTypeRatingView.swift */ = {isa = PBXFileReference; lastKnownFileType = sourcecode.swift; path = PayTypeRatingView.swift; sourceTree = "<group>"; };
		3CF8BA2C2A4D6F68002A18D0 /* String+Extension.swift */ = {isa = PBXFileReference; lastKnownFileType = sourcecode.swift; path = "String+Extension.swift"; sourceTree = "<group>"; };
		3CFBF7FC2B282ED50010DC83 /* OCRResultView.swift */ = {isa = PBXFileReference; lastKnownFileType = sourcecode.swift; path = OCRResultView.swift; sourceTree = "<group>"; };
		3CFCB4752B1387D40045075C /* ListTableViewCellReactor.swift */ = {isa = PBXFileReference; lastKnownFileType = sourcecode.swift; path = ListTableViewCellReactor.swift; sourceTree = "<group>"; };
		3CFD89562B2AFB6300EC5B7D /* NumberFormatterExtensionTests.swift */ = {isa = PBXFileReference; lastKnownFileType = sourcecode.swift; path = NumberFormatterExtensionTests.swift; sourceTree = "<group>"; };
		3CFD89582B2B006B00EC5B7D /* DoubleExtensionTests.swift */ = {isa = PBXFileReference; lastKnownFileType = sourcecode.swift; path = DoubleExtensionTests.swift; sourceTree = "<group>"; };
		5180676348BBDBE7B7A3C566 /* Pods-ReceiptManagerTests.debug.xcconfig */ = {isa = PBXFileReference; includeInIndex = 1; lastKnownFileType = text.xcconfig; name = "Pods-ReceiptManagerTests.debug.xcconfig"; path = "Target Support Files/Pods-ReceiptManagerTests/Pods-ReceiptManagerTests.debug.xcconfig"; sourceTree = "<group>"; };
		51C4E4C574199E1F0A5875CC /* Pods_ReceiptManagerTests.framework */ = {isa = PBXFileReference; explicitFileType = wrapper.framework; includeInIndex = 0; path = Pods_ReceiptManagerTests.framework; sourceTree = BUILT_PRODUCTS_DIR; };
		61890D96F6DBFC73C33E9C28 /* Pods-ReactorTests.debug.xcconfig */ = {isa = PBXFileReference; includeInIndex = 1; lastKnownFileType = text.xcconfig; name = "Pods-ReactorTests.debug.xcconfig"; path = "Target Support Files/Pods-ReactorTests/Pods-ReactorTests.debug.xcconfig"; sourceTree = "<group>"; };
		CB860201C8411B0A311EC789 /* Pods-ReceiptManagerTests.release.xcconfig */ = {isa = PBXFileReference; includeInIndex = 1; lastKnownFileType = text.xcconfig; name = "Pods-ReceiptManagerTests.release.xcconfig"; path = "Target Support Files/Pods-ReceiptManagerTests/Pods-ReceiptManagerTests.release.xcconfig"; sourceTree = "<group>"; };
/* End PBXFileReference section */

/* Begin PBXFrameworksBuildPhase section */
		3C0752882B298E0600C58066 /* Frameworks */ = {
			isa = PBXFrameworksBuildPhase;
			buildActionMask = 2147483647;
			files = (
				29D5B38FE3172F907C09A4E3 /* Pods_ReceiptManagerTests.framework in Frameworks */,
			);
			runOnlyForDeploymentPostprocessing = 0;
		};
		3C2E18CF29FBCC5F00E8E9C6 /* Frameworks */ = {
			isa = PBXFrameworksBuildPhase;
			buildActionMask = 2147483647;
			files = (
				7963589C5E5A90D4159DB45D /* Pods_ReceiptManager.framework in Frameworks */,
			);
			runOnlyForDeploymentPostprocessing = 0;
		};
/* End PBXFrameworksBuildPhase section */

/* Begin PBXGroup section */
		3C05E0972B0C76AB0062C3F7 /* Reactor */ = {
			isa = PBXGroup;
			children = (
				3C05E0982B0C76BA0062C3F7 /* ComposeViewReactor.swift */,
			);
			path = Reactor;
			sourceTree = "<group>";
		};
		3C07528C2B298E0600C58066 /* ReceiptManagerTests */ = {
			isa = PBXGroup;
			children = (
				3CDD520C2B29A14F00C0306A /* MockService */,
				3CE14F902B579ECD00471931 /* RepositoryTest */,
				3C47538B2B2AF9D300FE9C37 /* ReactorTest */,
				3CFD89552B2AFB4900EC5B7D /* ExtensionTest */,
			);
			path = ReceiptManagerTests;
			sourceTree = "<group>";
		};
		3C0894C12A4E6ABB00C6E7CD /* SettingScene */ = {
			isa = PBXGroup;
			children = (
				3C0894C22A4E6AF900C6E7CD /* SettingViewController.swift */,
				3C0894C72A4E87F600C6E7CD /* SettingCell.swift */,
				3C765AE72B0F589F00EB7A6C /* Reactor */,
			);
			path = SettingScene;
			sourceTree = "<group>";
		};
		3C1B36932A34509F00749774 /* AccessCameraAlbum */ = {
			isa = PBXGroup;
			children = (
				3C1B36912A34460000749774 /* CameraAlbumAccess.swift */,
			);
			path = AccessCameraAlbum;
			sourceTree = "<group>";
		};
		3C2E18C929FBCC5F00E8E9C6 = {
			isa = PBXGroup;
			children = (
				3CDCDC4429FBDF1200C2BEF6 /* .swiftlint.yml */,
				3C2E18D429FBCC5F00E8E9C6 /* ReceiptManager */,
				3C07528C2B298E0600C58066 /* ReceiptManagerTests */,
				3C2E18D329FBCC5F00E8E9C6 /* Products */,
				509C9D2BD38C0C0C30B6576A /* Pods */,
				D6255115A5FD15DD264D6C70 /* Frameworks */,
			);
			sourceTree = "<group>";
		};
		3C2E18D329FBCC5F00E8E9C6 /* Products */ = {
			isa = PBXGroup;
			children = (
				3C2E18D229FBCC5F00E8E9C6 /* ReceiptManager.app */,
				3C07528B2B298E0600C58066 /* ReceiptManagerTests.xctest */,
			);
			name = Products;
			sourceTree = "<group>";
		};
		3C2E18D429FBCC5F00E8E9C6 /* ReceiptManager */ = {
			isa = PBXGroup;
			children = (
				3CE07C5D2A4C847B00C1AE73 /* Localizing */,
				3CDCDC4829FC003800C2BEF6 /* Resource */,
				3CDCDC4729FC002D00C2BEF6 /* Source */,
			);
			path = ReceiptManager;
			sourceTree = "<group>";
		};
		3C3F55452B1CCB5300A6EAB5 /* CalendarCell */ = {
			isa = PBXGroup;
			children = (
				3C3F55462B1CCB6800A6EAB5 /* Reactor */,
				3C852EFF2B184F0400F48CD3 /* CalendarCell.swift */,
			);
			path = CalendarCell;
			sourceTree = "<group>";
		};
		3C3F55462B1CCB6800A6EAB5 /* Reactor */ = {
			isa = PBXGroup;
			children = (
				3C3F55472B1CCE3C00A6EAB5 /* CalendarCellReactor.swift */,
			);
			path = Reactor;
			sourceTree = "<group>";
		};
		3C4405BF2B049F140005BA4C /* Reactor */ = {
			isa = PBXGroup;
			children = (
				3C4405C02B049F240005BA4C /* ExpenseViewReactor.swift */,
			);
			path = Reactor;
			sourceTree = "<group>";
		};
		3C4405C22B049F840005BA4C /* Reactor */ = {
			isa = PBXGroup;
			children = (
				3C4405C32B049F920005BA4C /* SearchViewReactor.swift */,
			);
			path = Reactor;
			sourceTree = "<group>";
		};
		3C47538B2B2AF9D300FE9C37 /* ReactorTest */ = {
			isa = PBXGroup;
			children = (
				3C07528D2B298E0600C58066 /* ExpenseViewReactorTests.swift */,
				3CDD520A2B29A0D400C0306A /* ListViewReactorTests.swift */,
				3CDD52112B29AFDE00C0306A /* DetailViewReactorTests.swift */,
				3CDD52162B29B8CF00C0306A /* BookMarkViewReactorTests.swift */,
				3CDD52182B29BC8200C0306A /* CalendarViewReactorTests.swift */,
				3CDD521A2B29C93100C0306A /* SearchViewReactorTests.swift */,
				3C4B648A2B2AD1BF00895494 /* ComposeViewReactorTests.swift */,
				3C4B648E2B2AE5EB00895494 /* AnalysisViewReactorTests.swift */,
			);
			path = ReactorTest;
			sourceTree = "<group>";
		};
		3C4EBB532A519261004E6C93 /* SearchScene */ = {
			isa = PBXGroup;
			children = (
				3C333E252A31F35C00E8C28A /* SearchViewController.swift */,
				3C4405C22B049F840005BA4C /* Reactor */,
			);
			path = SearchScene;
			sourceTree = "<group>";
		};
		3C56C65D2A0963960058869C /* Protocol */ = {
			isa = PBXGroup;
			children = (
				3C56C65E2A0963A50058869C /* CellReuseIdentifiable.swift */,
			);
			path = Protocol;
			sourceTree = "<group>";
		};
		3C614B492B036D52009D1795 /* CustomTabBar */ = {
			isa = PBXGroup;
			children = (
				3C614B472B036AC1009D1795 /* CustomItemView.swift */,
				3C614B4A2B03730D009D1795 /* CustomTabItem.swift */,
				3C614B4C2B03759B009D1795 /* CustomTabBar.swift */,
				3C614B4E2B037B82009D1795 /* CustomTabBarController.swift */,
			);
			path = CustomTabBar;
			sourceTree = "<group>";
		};
		3C6AD23A2B3195C9000D93A0 /* CustomAlert */ = {
			isa = PBXGroup;
			children = (
				3C6AD2342B318553000D93A0 /* CustomAlertController.swift */,
				3C6AD2382B31947B000D93A0 /* AlertView.swift */,
			);
			path = CustomAlert;
			sourceTree = "<group>";
		};
		3C74A37E2B04CDFE00377A73 /* Coordinator */ = {
			isa = PBXGroup;
			children = (
				3C74A37F2B04CE1000377A73 /* Coordinator.swift */,
				3C74A3812B04E40400377A73 /* MainTabBarCoordinator.swift */,
				3C74A3832B04F66F00377A73 /* ExpenseViewCoordinator.swift */,
				3C33883E2B051CFD00A9613B /* ListViewCoordinator.swift */,
				3C3F7ADB2B1EDB22003DCA85 /* CalendarViewCoordinator.swift */,
				3C7A73602B1F0ED9003861C1 /* CalendarListViewCoordinator.swift */,
				3C74A3872B050D8800377A73 /* BookMarkViewCoordinator.swift */,
				3CD8B9342B0664FA00968A7E /* DetailViewCoordinator.swift */,
				3C05E09C2B0C80F30062C3F7 /* ComposeViewCoordinator.swift */,
				3CA5366B2B0E0B2600EA77AA /* LimitAlbumViewCoordinator.swift */,
				3C765AEA2B0F598600EB7A6C /* SettingViewCoordinator.swift */,
				3C3F7ADD2B1EFA8F003DCA85 /* SearchViewCoordinator.swift */,
				3C78C8CD2B21BFF0007FF68A /* AnalysisViewCoordinator.swift */,
				3C6AD23B2B31978D000D93A0 /* AlertViewCoordinator.swift */,
			);
			path = Coordinator;
			sourceTree = "<group>";
		};
		3C74A3892B050DB700377A73 /* Reactor */ = {
			isa = PBXGroup;
			children = (
				3C74A38A2B050DD200377A73 /* BookMarkViewReactor.swift */,
			);
			path = Reactor;
			sourceTree = "<group>";
		};
		3C765AE72B0F589F00EB7A6C /* Reactor */ = {
			isa = PBXGroup;
			children = (
				3C765AE82B0F58B300EB7A6C /* SettingViewReactor.swift */,
			);
			path = Reactor;
			sourceTree = "<group>";
		};
		3C78C8C72B21BB7D007FF68A /* AnalysisScene */ = {
			isa = PBXGroup;
			children = (
				3C78C8C82B21BBAD007FF68A /* AnalysisViewController.swift */,
				3CF5EB4B2B2575C100A524C5 /* PayTypeRatingView.swift */,
				3C78C8CA2B21BBB3007FF68A /* Reactor */,
			);
			path = AnalysisScene;
			sourceTree = "<group>";
		};
		3C78C8CA2B21BBB3007FF68A /* Reactor */ = {
			isa = PBXGroup;
			children = (
				3C78C8CB2B21BBC4007FF68A /* AnalysisViewReactor.swift */,
			);
			path = Reactor;
			sourceTree = "<group>";
		};
		3C7FD5012B03C0EF0084E650 /* CustomNavigationBar */ = {
			isa = PBXGroup;
			children = (
				3C7FD5022B03C1000084E650 /* CustomNavigationBar.swift */,
				3C9AA3472A012C880014807B /* ExpenseNavigationBar.swift */,
			);
			path = CustomNavigationBar;
			sourceTree = "<group>";
		};
		3C7FD5042B047A5D0084E650 /* Common */ = {
			isa = PBXGroup;
			children = (
				3CFCB4742B1387AC0045075C /* ListCell */,
				3C614B492B036D52009D1795 /* CustomTabBar */,
				3C7FD5012B03C0EF0084E650 /* CustomNavigationBar */,
				3C6AD23A2B3195C9000D93A0 /* CustomAlert */,
				3CE78EE62B15E529008743A1 /* BasePaddingLabel.swift */,
				3C088A492B1F782500FFFB74 /* BottomSheetViewController.swift */,
				3CBABE402B21D2830001BA4F /* MonthControlView.swift */,
			);
			path = Common;
			sourceTree = "<group>";
		};
		3C8175F72B19B1E6000E5761 /* Reactor */ = {
			isa = PBXGroup;
			children = (
				3C8175F82B19B1F4000E5761 /* CalendarViewReactor.swift */,
			);
			path = Reactor;
			sourceTree = "<group>";
		};
		3C852EFC2B184A5700F48CD3 /* CalendarScene */ = {
			isa = PBXGroup;
			children = (
				3CA95B032B1F103F0041394C /* CalendarListScene */,
				3C3F55452B1CCB5300A6EAB5 /* CalendarCell */,
				3C8175F72B19B1E6000E5761 /* Reactor */,
				3C852EFD2B184A9A00F48CD3 /* CalendarViewController.swift */,
			);
			path = CalendarScene;
			sourceTree = "<group>";
		};
		3C9AA3432A0117B60014807B /* Utility */ = {
			isa = PBXGroup;
			children = (
				3C1B36932A34509F00749774 /* AccessCameraAlbum */,
				3C56C65D2A0963960058869C /* Protocol */,
				3C9AA3442A0117C10014807B /* Extension */,
				3C56C6592A08EAFE0058869C /* ConstantColor.swift */,
				3C1C1B362A16072900A3D0A0 /* ConstantText.swift */,
				3C1B368F2A3441D300749774 /* ConstantImage.swift */,
				3CA536642B0DFC1A00EA77AA /* KeyboardHandler.swift */,
			);
			path = Utility;
			sourceTree = "<group>";
		};
		3C9AA3442A0117C10014807B /* Extension */ = {
			isa = PBXGroup;
			children = (
				3C9AA3452A0117D60014807B /* UIButton+Extension.swift */,
				3CC893B62A0CC06900055872 /* UILabel+Extension.swift */,
				3CC893B82A0CC07400055872 /* UITextField+Extension.swift */,
				3CB4CF3D2A13486600E9CBAB /* DateFormatter+Extension.swift */,
				3CB4CF3F2A13768900E9CBAB /* UIStackView+Extension.swift */,
				3CB4CF412A13D78000E9CBAB /* UIImage+Extension.swift */,
				3C3E95642A14BAB80020A0FE /* NumberFormatter+Extension.swift */,
				3C7DBD712A2211A400DA0EF8 /* UIViewController+Extension.swift */,
				3CF8BA2C2A4D6F68002A18D0 /* String+Extension.swift */,
				3CC335832B22D2C5005982AA /* Double+Extension.swift */,
				3C26F1172B261BE500A28AA0 /* UIColor+Extension.swift */,
			);
			path = Extension;
			sourceTree = "<group>";
		};
		3C9AA34E2A012FA10014807B /* ListScene */ = {
			isa = PBXGroup;
			children = (
				3CA722382B05173C005347AB /* Reactor */,
				3C9AA34F2A012FC20014807B /* ListViewController.swift */,
			);
			path = ListScene;
			sourceTree = "<group>";
		};
		3C9AA3512A012FD10014807B /* BookMarkScene */ = {
			isa = PBXGroup;
			children = (
				3C9AA3522A012FE60014807B /* BookMarkViewController.swift */,
				3C74A3892B050DB700377A73 /* Reactor */,
			);
			path = BookMarkScene;
			sourceTree = "<group>";
		};
		3C9AA3542A012FF80014807B /* ComposeScene */ = {
			isa = PBXGroup;
			children = (
				3C9AA3582A0130310014807B /* ComposeViewController.swift */,
				3C485BBE2A28912D007F7229 /* ComposeInformationView.swift */,
				3CFBF7FC2B282ED50010DC83 /* OCRResultView.swift */,
				3CC893BA2A0CCCDB00055872 /* ImageCell.swift */,
				3CA536622B0CE55700EA77AA /* ImageRegisterCellView.swift */,
				3C05E0972B0C76AB0062C3F7 /* Reactor */,
				3CA536662B0E04D100EA77AA /* PickerScene */,
			);
			path = ComposeScene;
			sourceTree = "<group>";
		};
		3C9AA3552A01300F0014807B /* DetailScene */ = {
			isa = PBXGroup;
			children = (
				3C9AA3562A01301F0014807B /* DetailViewController.swift */,
				3CAF8AF12A162444002251DD /* LargeImageViewController.swift */,
				3CD8B9332B065E4900968A7E /* Reactor */,
			);
			path = DetailScene;
			sourceTree = "<group>";
		};
		3CA536662B0E04D100EA77AA /* PickerScene */ = {
			isa = PBXGroup;
			children = (
				3CA536682B0E083800EA77AA /* Reactor */,
				3C86FB872A1B407A000CC99B /* LimitAlbumViewController.swift */,
				3C86FB8B2A1B90ED000CC99B /* ImagePickerCell.swift */,
			);
			path = PickerScene;
			sourceTree = "<group>";
		};
		3CA536682B0E083800EA77AA /* Reactor */ = {
			isa = PBXGroup;
			children = (
				3CA536692B0E085B00EA77AA /* LimitAlbumViewReactor.swift */,
			);
			path = Reactor;
			sourceTree = "<group>";
		};
		3CA722382B05173C005347AB /* Reactor */ = {
			isa = PBXGroup;
			children = (
				3CA722392B051749005347AB /* ListViewReactor.swift */,
			);
			path = Reactor;
			sourceTree = "<group>";
		};
		3CA95B032B1F103F0041394C /* CalendarListScene */ = {
			isa = PBXGroup;
			children = (
				3CA95B062B1F107E0041394C /* Reactor */,
				3CA95B042B1F10730041394C /* CalendarListViewController.swift */,
			);
			path = CalendarListScene;
			sourceTree = "<group>";
		};
		3CA95B062B1F107E0041394C /* Reactor */ = {
			isa = PBXGroup;
			children = (
				3CA95B072B1F108D0041394C /* CalendarListReactor.swift */,
			);
			path = Reactor;
			sourceTree = "<group>";
		};
		3CC8DACF2B52BE6800FE89B4 /* Repository */ = {
			isa = PBXGroup;
			children = (
				3CC8DAD02B52BF6C00FE89B4 /* ExpenseRepository.swift */,
				3CC8DAD22B52C4A400FE89B4 /* OCRRepository.swift */,
				3CC8DAD42B52C61800FE89B4 /* CurrencyRepository.swift */,
				3CC8DAD62B52C84100FE89B4 /* DateRepository.swift */,
			);
			path = Repository;
			sourceTree = "<group>";
		};
		3CD8B9332B065E4900968A7E /* Reactor */ = {
			isa = PBXGroup;
			children = (
				3CD8B9312B065E4400968A7E /* DetailViewReactor.swift */,
			);
			path = Reactor;
			sourceTree = "<group>";
		};
		3CDCDC4729FC002D00C2BEF6 /* Source */ = {
			isa = PBXGroup;
			children = (
				3CDCDC4929FC006500C2BEF6 /* Application */,
				3C9AA3432A0117B60014807B /* Utility */,
				3C74A37E2B04CDFE00377A73 /* Coordinator */,
				3CDCDC4A29FC007400C2BEF6 /* Scene */,
				3CDCDC4C29FC00A300C2BEF6 /* Model */,
				3CC8DACF2B52BE6800FE89B4 /* Repository */,
				3CDCDC5129FC03C400C2BEF6 /* Service */,
			);
			path = Source;
			sourceTree = "<group>";
		};
		3CDCDC4829FC003800C2BEF6 /* Resource */ = {
			isa = PBXGroup;
			children = (
				3C2E18E129FBCC6100E8E9C6 /* Assets.xcassets */,
				3C2E18E329FBCC6100E8E9C6 /* LaunchScreen.storyboard */,
				3C2E18E629FBCC6100E8E9C6 /* Info.plist */,
				3CBD9FAE2B2FF16E009E66E8 /* GoogleService-Info.plist */,
			);
			path = Resource;
			sourceTree = "<group>";
		};
		3CDCDC4929FC006500C2BEF6 /* Application */ = {
			isa = PBXGroup;
			children = (
				3C2E18D529FBCC5F00E8E9C6 /* AppDelegate.swift */,
				3C2E18D729FBCC5F00E8E9C6 /* SceneDelegate.swift */,
			);
			path = Application;
			sourceTree = "<group>";
		};
		3CDCDC4A29FC007400C2BEF6 /* Scene */ = {
			isa = PBXGroup;
			children = (
				3C7FD5042B047A5D0084E650 /* Common */,
				3CDCDC4B29FC008700C2BEF6 /* ExpenseScene */,
				3C78C8C72B21BB7D007FF68A /* AnalysisScene */,
				3C9AA3542A012FF80014807B /* ComposeScene */,
				3C9AA3552A01300F0014807B /* DetailScene */,
				3C9AA3512A012FD10014807B /* BookMarkScene */,
				3C4EBB532A519261004E6C93 /* SearchScene */,
				3C0894C12A4E6ABB00C6E7CD /* SettingScene */,
			);
			path = Scene;
			sourceTree = "<group>";
		};
		3CDCDC4B29FC008700C2BEF6 /* ExpenseScene */ = {
			isa = PBXGroup;
			children = (
				3C2E18D929FBCC5F00E8E9C6 /* ExpenseViewController.swift */,
				3C4405BF2B049F140005BA4C /* Reactor */,
				3C852EFC2B184A5700F48CD3 /* CalendarScene */,
				3C9AA34E2A012FA10014807B /* ListScene */,
			);
			path = ExpenseScene;
			sourceTree = "<group>";
		};
		3CDCDC4C29FC00A300C2BEF6 /* Model */ = {
			isa = PBXGroup;
			children = (
				3C32F8FD2AE903A800A805AD /* MappingModelV1toV2.xcmappingmodel */,
				3C2E18DE29FBCC5F00E8E9C6 /* ReceiptManager.xcdatamodeld */,
				3CDCDC4D29FC00C700C2BEF6 /* Receipt.swift */,
				3CDCDC4F29FC02B300C2BEF6 /* PayType.swift */,
				3C685F682A5009650064EE2A /* SettingSection.swift */,
				3C7D424C2A51281E00304A8C /* Currency.swift */,
				3C6AD2362B3193A8000D93A0 /* StorageServiceError.swift */,
				3C99A0982B329485006B274C /* OCRExtractorError.swift */,
			);
			path = Model;
			sourceTree = "<group>";
		};
		3CDCDC5129FC03C400C2BEF6 /* Service */ = {
			isa = PBXGroup;
			children = (
				3CDCDC5429FC050B00C2BEF6 /* StorageService.swift */,
				3CD62AF42B12F71000D10E54 /* UserDefaultService.swift */,
				3C852F042B185B0E00F48CD3 /* DateManageService.swift */,
				3CB563F82A286D22008A6CD0 /* OCRExtractorService.swift */,
			);
			path = Service;
			sourceTree = "<group>";
		};
		3CDD520C2B29A14F00C0306A /* MockService */ = {
			isa = PBXGroup;
			children = (
				3CDD520D2B29A15F00C0306A /* MockStoragService.swift */,
				3CDD520F2B29A4E900C0306A /* MockUserDefaultService.swift */,
				3C4B648C2B2AE2F800895494 /* MockOCRExtractorService.swift */,
			);
			path = MockService;
			sourceTree = "<group>";
		};
		3CE07C5D2A4C847B00C1AE73 /* Localizing */ = {
			isa = PBXGroup;
			children = (
				3CE07C5B2A4C841100C1AE73 /* Localizable.strings */,
				3CF106B62A4DBD250056874B /* InfoPlist.strings */,
			);
			path = Localizing;
			sourceTree = "<group>";
		};
		3CE14F902B579ECD00471931 /* RepositoryTest */ = {
			isa = PBXGroup;
			children = (
				3CE14F912B579F5A00471931 /* ExpenseRepositoryTests.swift */,
				3CE14F932B57A77E00471931 /* OCRRepositoryTests.swift */,
				3CE14F952B57AA1800471931 /* CurrencyRepositoryTests.swift */,
			);
			path = RepositoryTest;
			sourceTree = "<group>";
		};
		3CFCB4742B1387AC0045075C /* ListCell */ = {
			isa = PBXGroup;
			children = (
				3C56C65B2A08ECED0058869C /* ListTableViewCell.swift */,
				3CFCB4752B1387D40045075C /* ListTableViewCellReactor.swift */,
			);
			path = ListCell;
			sourceTree = "<group>";
		};
		3CFD89552B2AFB4900EC5B7D /* ExtensionTest */ = {
			isa = PBXGroup;
			children = (
				3CFD89562B2AFB6300EC5B7D /* NumberFormatterExtensionTests.swift */,
				3CFD89582B2B006B00EC5B7D /* DoubleExtensionTests.swift */,
			);
			path = ExtensionTest;
			sourceTree = "<group>";
		};
		509C9D2BD38C0C0C30B6576A /* Pods */ = {
			isa = PBXGroup;
			children = (
				1A63657D9626345E468AA028 /* Pods-ReceiptManager.debug.xcconfig */,
				0DEC07D71F2903D2A0731BC0 /* Pods-ReceiptManager.release.xcconfig */,
				61890D96F6DBFC73C33E9C28 /* Pods-ReactorTests.debug.xcconfig */,
				092C0F5279C9E5DFB5AA2CAA /* Pods-ReactorTests.release.xcconfig */,
				5180676348BBDBE7B7A3C566 /* Pods-ReceiptManagerTests.debug.xcconfig */,
				CB860201C8411B0A311EC789 /* Pods-ReceiptManagerTests.release.xcconfig */,
			);
			path = Pods;
			sourceTree = "<group>";
		};
		D6255115A5FD15DD264D6C70 /* Frameworks */ = {
			isa = PBXGroup;
			children = (
				3C07529A2B298E9B00C58066 /* RxSwift.framework */,
				2AE16A352E7493CA7F7B41A8 /* Pods_ReceiptManager.framework */,
				51C4E4C574199E1F0A5875CC /* Pods_ReceiptManagerTests.framework */,
			);
			name = Frameworks;
			sourceTree = "<group>";
		};
/* End PBXGroup section */

/* Begin PBXNativeTarget section */
		3C07528A2B298E0600C58066 /* ReceiptManagerTests */ = {
			isa = PBXNativeTarget;
			buildConfigurationList = 3C0752932B298E0600C58066 /* Build configuration list for PBXNativeTarget "ReceiptManagerTests" */;
			buildPhases = (
				A65205E824D3E7509D976379 /* [CP] Check Pods Manifest.lock */,
				3C0752872B298E0600C58066 /* Sources */,
				3C0752882B298E0600C58066 /* Frameworks */,
				3C0752892B298E0600C58066 /* Resources */,
			);
			buildRules = (
			);
			dependencies = (
				3C0752902B298E0600C58066 /* PBXTargetDependency */,
			);
			name = ReceiptManagerTests;
			productName = ReactorTests;
			productReference = 3C07528B2B298E0600C58066 /* ReceiptManagerTests.xctest */;
			productType = "com.apple.product-type.bundle.unit-test";
		};
		3C2E18D129FBCC5F00E8E9C6 /* ReceiptManager */ = {
			isa = PBXNativeTarget;
			buildConfigurationList = 3C2E18E929FBCC6100E8E9C6 /* Build configuration list for PBXNativeTarget "ReceiptManager" */;
			buildPhases = (
				D23B7D4054CEF0DACFBC39D8 /* [CP] Check Pods Manifest.lock */,
				3C2E18CE29FBCC5F00E8E9C6 /* Sources */,
				3C2E18CF29FBCC5F00E8E9C6 /* Frameworks */,
				3C2E18D029FBCC5F00E8E9C6 /* Resources */,
				3CDCDC4629FBDF3D00C2BEF6 /* ShellScript */,
				D9FB12A68B21EFEFED987421 /* [CP] Copy Pods Resources */,
				3C8822AE2B3151CF003F407B /* ShellScript */,
			);
			buildRules = (
			);
			dependencies = (
			);
			name = ReceiptManager;
			productName = ReceiptManager;
			productReference = 3C2E18D229FBCC5F00E8E9C6 /* ReceiptManager.app */;
			productType = "com.apple.product-type.application";
		};
/* End PBXNativeTarget section */

/* Begin PBXProject section */
		3C2E18CA29FBCC5F00E8E9C6 /* Project object */ = {
			isa = PBXProject;
			attributes = {
				BuildIndependentTargetsInParallel = 1;
				LastSwiftUpdateCheck = 1500;
				LastUpgradeCheck = 1420;
				TargetAttributes = {
					3C07528A2B298E0600C58066 = {
						CreatedOnToolsVersion = 15.0.1;
						TestTargetID = 3C2E18D129FBCC5F00E8E9C6;
					};
					3C2E18D129FBCC5F00E8E9C6 = {
						CreatedOnToolsVersion = 14.2;
					};
				};
			};
			buildConfigurationList = 3C2E18CD29FBCC5F00E8E9C6 /* Build configuration list for PBXProject "ReceiptManager" */;
			compatibilityVersion = "Xcode 14.0";
			developmentRegion = en;
			hasScannedForEncodings = 0;
			knownRegions = (
				en,
				Base,
				ko,
				ja,
			);
			mainGroup = 3C2E18C929FBCC5F00E8E9C6;
			productRefGroup = 3C2E18D329FBCC5F00E8E9C6 /* Products */;
			projectDirPath = "";
			projectRoot = "";
			targets = (
				3C2E18D129FBCC5F00E8E9C6 /* ReceiptManager */,
				3C07528A2B298E0600C58066 /* ReceiptManagerTests */,
			);
		};
/* End PBXProject section */

/* Begin PBXResourcesBuildPhase section */
		3C0752892B298E0600C58066 /* Resources */ = {
			isa = PBXResourcesBuildPhase;
			buildActionMask = 2147483647;
			files = (
			);
			runOnlyForDeploymentPostprocessing = 0;
		};
		3C2E18D029FBCC5F00E8E9C6 /* Resources */ = {
			isa = PBXResourcesBuildPhase;
			buildActionMask = 2147483647;
			files = (
				3CDCDC4529FBDF1200C2BEF6 /* .swiftlint.yml in Resources */,
				3CE07C592A4C841100C1AE73 /* Localizable.strings in Resources */,
				3C2E18E529FBCC6100E8E9C6 /* LaunchScreen.storyboard in Resources */,
				3C2E18E229FBCC6100E8E9C6 /* Assets.xcassets in Resources */,
				3CF106B42A4DBD250056874B /* InfoPlist.strings in Resources */,
				3CBD9FAF2B2FF16E009E66E8 /* GoogleService-Info.plist in Resources */,
			);
			runOnlyForDeploymentPostprocessing = 0;
		};
/* End PBXResourcesBuildPhase section */

/* Begin PBXShellScriptBuildPhase section */
		3C8822AE2B3151CF003F407B /* ShellScript */ = {
			isa = PBXShellScriptBuildPhase;
			buildActionMask = 2147483647;
			files = (
			);
			inputFileListPaths = (
			);
			inputPaths = (
				"${DWARF_DSYM_FOLDER_PATH}/${DWARF_DSYM_FILE_NAME}/Contents/Resources/DWARF/${TARGET_NAME}\n//프로젝트의 dSYM 파일 위치",
				"$(SRCROOT)/$(BUILT_PRODUCTS_DIR)/$(INFOPLIST_PATH)\n//프로젝트의 빌드된 Info.plist 파일 위치",
			);
			outputFileListPaths = (
			);
			outputPaths = (
			);
			runOnlyForDeploymentPostprocessing = 0;
			shellPath = /bin/sh;
			shellScript = "\"${PODS_ROOT}/FirebaseCrashlytics/run\"\n";
		};
		3CDCDC4629FBDF3D00C2BEF6 /* ShellScript */ = {
			isa = PBXShellScriptBuildPhase;
			buildActionMask = 2147483647;
			files = (
			);
			inputFileListPaths = (
			);
			inputPaths = (
			);
			outputFileListPaths = (
			);
			outputPaths = (
			);
			runOnlyForDeploymentPostprocessing = 0;
			shellPath = /bin/sh;
			shellScript = "\"${PODS_ROOT}/SwiftLint/swiftlint\"\n";
		};
		A65205E824D3E7509D976379 /* [CP] Check Pods Manifest.lock */ = {
			isa = PBXShellScriptBuildPhase;
			buildActionMask = 2147483647;
			files = (
			);
			inputFileListPaths = (
			);
			inputPaths = (
				"${PODS_PODFILE_DIR_PATH}/Podfile.lock",
				"${PODS_ROOT}/Manifest.lock",
			);
			name = "[CP] Check Pods Manifest.lock";
			outputFileListPaths = (
			);
			outputPaths = (
				"$(DERIVED_FILE_DIR)/Pods-ReceiptManagerTests-checkManifestLockResult.txt",
			);
			runOnlyForDeploymentPostprocessing = 0;
			shellPath = /bin/sh;
			shellScript = "diff \"${PODS_PODFILE_DIR_PATH}/Podfile.lock\" \"${PODS_ROOT}/Manifest.lock\" > /dev/null\nif [ $? != 0 ] ; then\n    # print error to STDERR\n    echo \"error: The sandbox is not in sync with the Podfile.lock. Run 'pod install' or update your CocoaPods installation.\" >&2\n    exit 1\nfi\n# This output is used by Xcode 'outputs' to avoid re-running this script phase.\necho \"SUCCESS\" > \"${SCRIPT_OUTPUT_FILE_0}\"\n";
			showEnvVarsInLog = 0;
		};
		D23B7D4054CEF0DACFBC39D8 /* [CP] Check Pods Manifest.lock */ = {
			isa = PBXShellScriptBuildPhase;
			buildActionMask = 2147483647;
			files = (
			);
			inputFileListPaths = (
			);
			inputPaths = (
				"${PODS_PODFILE_DIR_PATH}/Podfile.lock",
				"${PODS_ROOT}/Manifest.lock",
			);
			name = "[CP] Check Pods Manifest.lock";
			outputFileListPaths = (
			);
			outputPaths = (
				"$(DERIVED_FILE_DIR)/Pods-ReceiptManager-checkManifestLockResult.txt",
			);
			runOnlyForDeploymentPostprocessing = 0;
			shellPath = /bin/sh;
			shellScript = "diff \"${PODS_PODFILE_DIR_PATH}/Podfile.lock\" \"${PODS_ROOT}/Manifest.lock\" > /dev/null\nif [ $? != 0 ] ; then\n    # print error to STDERR\n    echo \"error: The sandbox is not in sync with the Podfile.lock. Run 'pod install' or update your CocoaPods installation.\" >&2\n    exit 1\nfi\n# This output is used by Xcode 'outputs' to avoid re-running this script phase.\necho \"SUCCESS\" > \"${SCRIPT_OUTPUT_FILE_0}\"\n";
			showEnvVarsInLog = 0;
		};
		D9FB12A68B21EFEFED987421 /* [CP] Copy Pods Resources */ = {
			isa = PBXShellScriptBuildPhase;
			buildActionMask = 2147483647;
			files = (
			);
			inputFileListPaths = (
				"${PODS_ROOT}/Target Support Files/Pods-ReceiptManager/Pods-ReceiptManager-resources-${CONFIGURATION}-input-files.xcfilelist",
			);
			name = "[CP] Copy Pods Resources";
			outputFileListPaths = (
				"${PODS_ROOT}/Target Support Files/Pods-ReceiptManager/Pods-ReceiptManager-resources-${CONFIGURATION}-output-files.xcfilelist",
			);
			runOnlyForDeploymentPostprocessing = 0;
			shellPath = /bin/sh;
			shellScript = "\"${PODS_ROOT}/Target Support Files/Pods-ReceiptManager/Pods-ReceiptManager-resources.sh\"\n";
			showEnvVarsInLog = 0;
		};
/* End PBXShellScriptBuildPhase section */

/* Begin PBXSourcesBuildPhase section */
		3C0752872B298E0600C58066 /* Sources */ = {
			isa = PBXSourcesBuildPhase;
			buildActionMask = 2147483647;
			files = (
				3CDD52122B29AFDE00C0306A /* DetailViewReactorTests.swift in Sources */,
				3CDD52172B29B8CF00C0306A /* BookMarkViewReactorTests.swift in Sources */,
				3C07528E2B298E0600C58066 /* ExpenseViewReactorTests.swift in Sources */,
				3C4B648B2B2AD1BF00895494 /* ComposeViewReactorTests.swift in Sources */,
				3CDD521B2B29C93100C0306A /* SearchViewReactorTests.swift in Sources */,
				3CDD520E2B29A15F00C0306A /* MockStoragService.swift in Sources */,
				3CE14F962B57AA1800471931 /* CurrencyRepositoryTests.swift in Sources */,
				3CDD52102B29A4E900C0306A /* MockUserDefaultService.swift in Sources */,
				3CFD89572B2AFB6300EC5B7D /* NumberFormatterExtensionTests.swift in Sources */,
				3CE14F942B57A77E00471931 /* OCRRepositoryTests.swift in Sources */,
				3CE14F922B579F5A00471931 /* ExpenseRepositoryTests.swift in Sources */,
				3C4B648F2B2AE5EB00895494 /* AnalysisViewReactorTests.swift in Sources */,
				3CDD520B2B29A0D400C0306A /* ListViewReactorTests.swift in Sources */,
				3CDD52192B29BC8200C0306A /* CalendarViewReactorTests.swift in Sources */,
				3CFD89592B2B006B00EC5B7D /* DoubleExtensionTests.swift in Sources */,
				3C4B648D2B2AE2F800895494 /* MockOCRExtractorService.swift in Sources */,
			);
			runOnlyForDeploymentPostprocessing = 0;
		};
		3C2E18CE29FBCC5F00E8E9C6 /* Sources */ = {
			isa = PBXSourcesBuildPhase;
			buildActionMask = 2147483647;
			files = (
				3CBABE412B21D2830001BA4F /* MonthControlView.swift in Sources */,
				3CDCDC5529FC050B00C2BEF6 /* StorageService.swift in Sources */,
				3C8175F92B19B1F4000E5761 /* CalendarViewReactor.swift in Sources */,
				3CB563F92A286D22008A6CD0 /* OCRExtractorService.swift in Sources */,
				3C3F7ADE2B1EFA8F003DCA85 /* SearchViewCoordinator.swift in Sources */,
				3C614B482B036AC1009D1795 /* CustomItemView.swift in Sources */,
				3CC893B72A0CC06900055872 /* UILabel+Extension.swift in Sources */,
				3C614B4B2B03730D009D1795 /* CustomTabItem.swift in Sources */,
				3C7A73612B1F0ED9003861C1 /* CalendarListViewCoordinator.swift in Sources */,
				3CDCDC4E29FC00C700C2BEF6 /* Receipt.swift in Sources */,
				3CA5366A2B0E085B00EA77AA /* LimitAlbumViewReactor.swift in Sources */,
				3CAF8AF22A162444002251DD /* LargeImageViewController.swift in Sources */,
				3C765AEB2B0F598600EB7A6C /* SettingViewCoordinator.swift in Sources */,
				3CC8DAD12B52BF6C00FE89B4 /* ExpenseRepository.swift in Sources */,
				3CFBF7FD2B282ED50010DC83 /* OCRResultView.swift in Sources */,
				3C1B36902A3441D300749774 /* ConstantImage.swift in Sources */,
				3C32F8FE2AE903A800A805AD /* MappingModelV1toV2.xcmappingmodel in Sources */,
				3C9AA3462A0117D60014807B /* UIButton+Extension.swift in Sources */,
				3CFCB4762B1387D50045075C /* ListTableViewCellReactor.swift in Sources */,
				3C7FD5032B03C1000084E650 /* CustomNavigationBar.swift in Sources */,
				3C088A4A2B1F782500FFFB74 /* BottomSheetViewController.swift in Sources */,
				3C99A0992B329485006B274C /* OCRExtractorError.swift in Sources */,
				3C2E18DA29FBCC5F00E8E9C6 /* ExpenseViewController.swift in Sources */,
				3C74A3842B04F66F00377A73 /* ExpenseViewCoordinator.swift in Sources */,
				3C1C1B372A16072900A3D0A0 /* ConstantText.swift in Sources */,
				3C78C8CC2B21BBC4007FF68A /* AnalysisViewReactor.swift in Sources */,
				3C56C65A2A08EAFE0058869C /* ConstantColor.swift in Sources */,
				3C9AA3502A012FC20014807B /* ListViewController.swift in Sources */,
				3C3F55482B1CCE3C00A6EAB5 /* CalendarCellReactor.swift in Sources */,
				3C9AA3572A01301F0014807B /* DetailViewController.swift in Sources */,
				3CC8DAD52B52C61800FE89B4 /* CurrencyRepository.swift in Sources */,
				3CA5366C2B0E0B2600EA77AA /* LimitAlbumViewCoordinator.swift in Sources */,
				3C2E18D629FBCC5F00E8E9C6 /* AppDelegate.swift in Sources */,
				3CA7223A2B051749005347AB /* ListViewReactor.swift in Sources */,
				3C9AA3532A012FE60014807B /* BookMarkViewController.swift in Sources */,
				3CC893BB2A0CCCDB00055872 /* ImageCell.swift in Sources */,
				3C7DBD722A2211A400DA0EF8 /* UIViewController+Extension.swift in Sources */,
				3C6AD2372B3193A8000D93A0 /* StorageServiceError.swift in Sources */,
				3C852EFE2B184A9A00F48CD3 /* CalendarViewController.swift in Sources */,
				3C614B4F2B037B82009D1795 /* CustomTabBarController.swift in Sources */,
				3C852F002B184F0400F48CD3 /* CalendarCell.swift in Sources */,
				3C0894C32A4E6AF900C6E7CD /* SettingViewController.swift in Sources */,
				3C74A38B2B050DD200377A73 /* BookMarkViewReactor.swift in Sources */,
				3C4405C12B049F240005BA4C /* ExpenseViewReactor.swift in Sources */,
				3C86FB882A1B407A000CC99B /* LimitAlbumViewController.swift in Sources */,
				3CA536632B0CE55700EA77AA /* ImageRegisterCellView.swift in Sources */,
				3C2E18E029FBCC5F00E8E9C6 /* ReceiptManager.xcdatamodeld in Sources */,
				3CD8B9352B0664FA00968A7E /* DetailViewCoordinator.swift in Sources */,
				3CC335842B22D2C5005982AA /* Double+Extension.swift in Sources */,
				3CD62AF52B12F71000D10E54 /* UserDefaultService.swift in Sources */,
				3CB4CF3E2A13486600E9CBAB /* DateFormatter+Extension.swift in Sources */,
				3CA536652B0DFC1A00EA77AA /* KeyboardHandler.swift in Sources */,
				3C56C65F2A0963A50058869C /* CellReuseIdentifiable.swift in Sources */,
				3CB4CF422A13D78000E9CBAB /* UIImage+Extension.swift in Sources */,
				3CA95B082B1F108D0041394C /* CalendarListReactor.swift in Sources */,
				3C74A3822B04E40400377A73 /* MainTabBarCoordinator.swift in Sources */,
				3C6AD2392B31947B000D93A0 /* AlertView.swift in Sources */,
				3C765AE92B0F58B300EB7A6C /* SettingViewReactor.swift in Sources */,
				3CF8BA2D2A4D6F68002A18D0 /* String+Extension.swift in Sources */,
				3C9AA3592A0130310014807B /* ComposeViewController.swift in Sources */,
				3CE78EE72B15E529008743A1 /* BasePaddingLabel.swift in Sources */,
				3CDCDC5029FC02B300C2BEF6 /* PayType.swift in Sources */,
				3CA95B052B1F10730041394C /* CalendarListViewController.swift in Sources */,
				3C26F1182B261BE500A28AA0 /* UIColor+Extension.swift in Sources */,
				3C2E18D829FBCC5F00E8E9C6 /* SceneDelegate.swift in Sources */,
				3C7D424D2A51281E00304A8C /* Currency.swift in Sources */,
				3C4405C42B049F920005BA4C /* SearchViewReactor.swift in Sources */,
				3C86FB8C2A1B90ED000CC99B /* ImagePickerCell.swift in Sources */,
				3CC893B92A0CC07400055872 /* UITextField+Extension.swift in Sources */,
				3C74A3882B050D8800377A73 /* BookMarkViewCoordinator.swift in Sources */,
				3C74A3802B04CE1000377A73 /* Coordinator.swift in Sources */,
				3C1B36922A34460000749774 /* CameraAlbumAccess.swift in Sources */,
				3C333E262A31F35C00E8C28A /* SearchViewController.swift in Sources */,
				3C3E95652A14BAB80020A0FE /* NumberFormatter+Extension.swift in Sources */,
				3C485BBF2A28912D007F7229 /* ComposeInformationView.swift in Sources */,
				3C0894C82A4E87F600C6E7CD /* SettingCell.swift in Sources */,
				3C6AD2352B318553000D93A0 /* CustomAlertController.swift in Sources */,
				3C56C65C2A08ECED0058869C /* ListTableViewCell.swift in Sources */,
				3C685F692A5009650064EE2A /* SettingSection.swift in Sources */,
				3C05E0992B0C76BA0062C3F7 /* ComposeViewReactor.swift in Sources */,
				3C614B4D2B03759B009D1795 /* CustomTabBar.swift in Sources */,
				3CD8B9322B065E4400968A7E /* DetailViewReactor.swift in Sources */,
				3C6AD23C2B31978D000D93A0 /* AlertViewCoordinator.swift in Sources */,
				3C33883F2B051CFD00A9613B /* ListViewCoordinator.swift in Sources */,
				3C78C8C92B21BBAD007FF68A /* AnalysisViewController.swift in Sources */,
				3C9AA3482A012C880014807B /* ExpenseNavigationBar.swift in Sources */,
				3CC8DAD32B52C4A400FE89B4 /* OCRRepository.swift in Sources */,
				3CF5EB4C2B2575C100A524C5 /* PayTypeRatingView.swift in Sources */,
				3C05E09D2B0C80F30062C3F7 /* ComposeViewCoordinator.swift in Sources */,
				3CC8DAD72B52C84100FE89B4 /* DateRepository.swift in Sources */,
				3CB4CF402A13768900E9CBAB /* UIStackView+Extension.swift in Sources */,
				3C78C8CE2B21BFF0007FF68A /* AnalysisViewCoordinator.swift in Sources */,
				3C852F052B185B0E00F48CD3 /* DateManageService.swift in Sources */,
				3C3F7ADC2B1EDB22003DCA85 /* CalendarViewCoordinator.swift in Sources */,
			);
			runOnlyForDeploymentPostprocessing = 0;
		};
/* End PBXSourcesBuildPhase section */

/* Begin PBXTargetDependency section */
		3C0752902B298E0600C58066 /* PBXTargetDependency */ = {
			isa = PBXTargetDependency;
			target = 3C2E18D129FBCC5F00E8E9C6 /* ReceiptManager */;
			targetProxy = 3C07528F2B298E0600C58066 /* PBXContainerItemProxy */;
		};
/* End PBXTargetDependency section */

/* Begin PBXVariantGroup section */
		3C2E18E329FBCC6100E8E9C6 /* LaunchScreen.storyboard */ = {
			isa = PBXVariantGroup;
			children = (
				3C2E18E429FBCC6100E8E9C6 /* Base */,
			);
			name = LaunchScreen.storyboard;
			sourceTree = "<group>";
		};
		3CE07C5B2A4C841100C1AE73 /* Localizable.strings */ = {
			isa = PBXVariantGroup;
			children = (
				3CE07C5A2A4C841100C1AE73 /* en */,
				3CE07C5C2A4C846200C1AE73 /* ko */,
				3C0894BF2A4DD4B300C6E7CD /* ja */,
			);
			name = Localizable.strings;
			sourceTree = "<group>";
		};
		3CF106B62A4DBD250056874B /* InfoPlist.strings */ = {
			isa = PBXVariantGroup;
			children = (
				3CF106B52A4DBD250056874B /* en */,
				3CF106B72A4DBD2B0056874B /* ko */,
				3C0894C02A4DD4B300C6E7CD /* ja */,
			);
			name = InfoPlist.strings;
			sourceTree = "<group>";
		};
/* End PBXVariantGroup section */

/* Begin XCBuildConfiguration section */
		3C0752912B298E0600C58066 /* Debug */ = {
			isa = XCBuildConfiguration;
			baseConfigurationReference = 5180676348BBDBE7B7A3C566 /* Pods-ReceiptManagerTests.debug.xcconfig */;
			buildSettings = {
				ASSETCATALOG_COMPILER_GENERATE_SWIFT_ASSET_SYMBOL_EXTENSIONS = YES;
				BUNDLE_LOADER = "$(TEST_HOST)";
				CODE_SIGN_STYLE = Automatic;
				CURRENT_PROJECT_VERSION = 1;
				DEVELOPMENT_TEAM = ZRLFU9PV5L;
				ENABLE_USER_SCRIPT_SANDBOXING = YES;
				GCC_C_LANGUAGE_STANDARD = gnu17;
				GENERATE_INFOPLIST_FILE = YES;
				IPHONEOS_DEPLOYMENT_TARGET = 17.0;
				LOCALIZATION_PREFERS_STRING_CATALOGS = YES;
				MARKETING_VERSION = 1.0;
				PRODUCT_BUNDLE_IDENTIFIER = com.PakHyo.ReactorTests;
				PRODUCT_NAME = "$(TARGET_NAME)";
				SWIFT_ACTIVE_COMPILATION_CONDITIONS = "DEBUG $(inherited)";
				SWIFT_EMIT_LOC_STRINGS = NO;
				SWIFT_VERSION = 5.0;
				TARGETED_DEVICE_FAMILY = "1,2";
				TEST_HOST = "$(BUILT_PRODUCTS_DIR)/ReceiptManager.app/$(BUNDLE_EXECUTABLE_FOLDER_PATH)/ReceiptManager";
			};
			name = Debug;
		};
		3C0752922B298E0600C58066 /* Release */ = {
			isa = XCBuildConfiguration;
			baseConfigurationReference = CB860201C8411B0A311EC789 /* Pods-ReceiptManagerTests.release.xcconfig */;
			buildSettings = {
				ASSETCATALOG_COMPILER_GENERATE_SWIFT_ASSET_SYMBOL_EXTENSIONS = YES;
				BUNDLE_LOADER = "$(TEST_HOST)";
				CODE_SIGN_STYLE = Automatic;
				CURRENT_PROJECT_VERSION = 1;
				ENABLE_USER_SCRIPT_SANDBOXING = YES;
				GCC_C_LANGUAGE_STANDARD = gnu17;
				GENERATE_INFOPLIST_FILE = YES;
				IPHONEOS_DEPLOYMENT_TARGET = 17.0;
				LOCALIZATION_PREFERS_STRING_CATALOGS = YES;
				MARKETING_VERSION = 1.0;
				PRODUCT_BUNDLE_IDENTIFIER = com.PakHyo.ReactorTests;
				PRODUCT_NAME = "$(TARGET_NAME)";
				SWIFT_EMIT_LOC_STRINGS = NO;
				SWIFT_VERSION = 5.0;
				TARGETED_DEVICE_FAMILY = "1,2";
				TEST_HOST = "$(BUILT_PRODUCTS_DIR)/ReceiptManager.app/$(BUNDLE_EXECUTABLE_FOLDER_PATH)/ReceiptManager";
			};
			name = Release;
		};
		3C2E18E729FBCC6100E8E9C6 /* Debug */ = {
			isa = XCBuildConfiguration;
			buildSettings = {
				ALWAYS_SEARCH_USER_PATHS = NO;
				CLANG_ANALYZER_LOCALIZABILITY_NONLOCALIZED = YES;
				CLANG_ANALYZER_NONNULL = YES;
				CLANG_ANALYZER_NUMBER_OBJECT_CONVERSION = YES_AGGRESSIVE;
				CLANG_CXX_LANGUAGE_STANDARD = "gnu++20";
				CLANG_ENABLE_MODULES = YES;
				CLANG_ENABLE_OBJC_ARC = YES;
				CLANG_ENABLE_OBJC_WEAK = YES;
				CLANG_WARN_BLOCK_CAPTURE_AUTORELEASING = YES;
				CLANG_WARN_BOOL_CONVERSION = YES;
				CLANG_WARN_COMMA = YES;
				CLANG_WARN_CONSTANT_CONVERSION = YES;
				CLANG_WARN_DEPRECATED_OBJC_IMPLEMENTATIONS = YES;
				CLANG_WARN_DIRECT_OBJC_ISA_USAGE = YES_ERROR;
				CLANG_WARN_DOCUMENTATION_COMMENTS = YES;
				CLANG_WARN_EMPTY_BODY = YES;
				CLANG_WARN_ENUM_CONVERSION = YES;
				CLANG_WARN_INFINITE_RECURSION = YES;
				CLANG_WARN_INT_CONVERSION = YES;
				CLANG_WARN_NON_LITERAL_NULL_CONVERSION = YES;
				CLANG_WARN_OBJC_IMPLICIT_RETAIN_SELF = YES;
				CLANG_WARN_OBJC_LITERAL_CONVERSION = YES;
				CLANG_WARN_OBJC_ROOT_CLASS = YES_ERROR;
				CLANG_WARN_QUOTED_INCLUDE_IN_FRAMEWORK_HEADER = YES;
				CLANG_WARN_RANGE_LOOP_ANALYSIS = YES;
				CLANG_WARN_STRICT_PROTOTYPES = YES;
				CLANG_WARN_SUSPICIOUS_MOVE = YES;
				CLANG_WARN_UNGUARDED_AVAILABILITY = YES_AGGRESSIVE;
				CLANG_WARN_UNREACHABLE_CODE = YES;
				CLANG_WARN__DUPLICATE_METHOD_MATCH = YES;
				COPY_PHASE_STRIP = NO;
				DEBUG_INFORMATION_FORMAT = "dwarf-with-dsym";
				ENABLE_STRICT_OBJC_MSGSEND = YES;
				ENABLE_TESTABILITY = YES;
				GCC_C_LANGUAGE_STANDARD = gnu11;
				GCC_DYNAMIC_NO_PIC = NO;
				GCC_NO_COMMON_BLOCKS = YES;
				GCC_OPTIMIZATION_LEVEL = 0;
				GCC_PREPROCESSOR_DEFINITIONS = (
					"DEBUG=1",
					"$(inherited)",
				);
				GCC_WARN_64_TO_32_BIT_CONVERSION = YES;
				GCC_WARN_ABOUT_RETURN_TYPE = YES_ERROR;
				GCC_WARN_UNDECLARED_SELECTOR = YES;
				GCC_WARN_UNINITIALIZED_AUTOS = YES_AGGRESSIVE;
				GCC_WARN_UNUSED_FUNCTION = YES;
				GCC_WARN_UNUSED_VARIABLE = YES;
				INFOPLIST_KEY_CFBundleDisplayName = CFBundleDisplayName;
				IPHONEOS_DEPLOYMENT_TARGET = 14.0;
				MTL_ENABLE_DEBUG_INFO = INCLUDE_SOURCE;
				MTL_FAST_MATH = YES;
				ONLY_ACTIVE_ARCH = YES;
				SDKROOT = iphoneos;
				SWIFT_ACTIVE_COMPILATION_CONDITIONS = DEBUG;
				SWIFT_OPTIMIZATION_LEVEL = "-Onone";
			};
			name = Debug;
		};
		3C2E18E829FBCC6100E8E9C6 /* Release */ = {
			isa = XCBuildConfiguration;
			buildSettings = {
				ALWAYS_SEARCH_USER_PATHS = NO;
				CLANG_ANALYZER_LOCALIZABILITY_NONLOCALIZED = YES;
				CLANG_ANALYZER_NONNULL = YES;
				CLANG_ANALYZER_NUMBER_OBJECT_CONVERSION = YES_AGGRESSIVE;
				CLANG_CXX_LANGUAGE_STANDARD = "gnu++20";
				CLANG_ENABLE_MODULES = YES;
				CLANG_ENABLE_OBJC_ARC = YES;
				CLANG_ENABLE_OBJC_WEAK = YES;
				CLANG_WARN_BLOCK_CAPTURE_AUTORELEASING = YES;
				CLANG_WARN_BOOL_CONVERSION = YES;
				CLANG_WARN_COMMA = YES;
				CLANG_WARN_CONSTANT_CONVERSION = YES;
				CLANG_WARN_DEPRECATED_OBJC_IMPLEMENTATIONS = YES;
				CLANG_WARN_DIRECT_OBJC_ISA_USAGE = YES_ERROR;
				CLANG_WARN_DOCUMENTATION_COMMENTS = YES;
				CLANG_WARN_EMPTY_BODY = YES;
				CLANG_WARN_ENUM_CONVERSION = YES;
				CLANG_WARN_INFINITE_RECURSION = YES;
				CLANG_WARN_INT_CONVERSION = YES;
				CLANG_WARN_NON_LITERAL_NULL_CONVERSION = YES;
				CLANG_WARN_OBJC_IMPLICIT_RETAIN_SELF = YES;
				CLANG_WARN_OBJC_LITERAL_CONVERSION = YES;
				CLANG_WARN_OBJC_ROOT_CLASS = YES_ERROR;
				CLANG_WARN_QUOTED_INCLUDE_IN_FRAMEWORK_HEADER = YES;
				CLANG_WARN_RANGE_LOOP_ANALYSIS = YES;
				CLANG_WARN_STRICT_PROTOTYPES = YES;
				CLANG_WARN_SUSPICIOUS_MOVE = YES;
				CLANG_WARN_UNGUARDED_AVAILABILITY = YES_AGGRESSIVE;
				CLANG_WARN_UNREACHABLE_CODE = YES;
				CLANG_WARN__DUPLICATE_METHOD_MATCH = YES;
				COPY_PHASE_STRIP = NO;
				DEBUG_INFORMATION_FORMAT = "dwarf-with-dsym";
				ENABLE_NS_ASSERTIONS = NO;
				ENABLE_STRICT_OBJC_MSGSEND = YES;
				GCC_C_LANGUAGE_STANDARD = gnu11;
				GCC_NO_COMMON_BLOCKS = YES;
				GCC_WARN_64_TO_32_BIT_CONVERSION = YES;
				GCC_WARN_ABOUT_RETURN_TYPE = YES_ERROR;
				GCC_WARN_UNDECLARED_SELECTOR = YES;
				GCC_WARN_UNINITIALIZED_AUTOS = YES_AGGRESSIVE;
				GCC_WARN_UNUSED_FUNCTION = YES;
				GCC_WARN_UNUSED_VARIABLE = YES;
				INFOPLIST_KEY_CFBundleDisplayName = CFBundleDisplayName;
				IPHONEOS_DEPLOYMENT_TARGET = 14.0;
				MTL_ENABLE_DEBUG_INFO = NO;
				MTL_FAST_MATH = YES;
				SDKROOT = iphoneos;
				SWIFT_COMPILATION_MODE = wholemodule;
				SWIFT_OPTIMIZATION_LEVEL = "-O";
				VALIDATE_PRODUCT = YES;
			};
			name = Release;
		};
		3C2E18EA29FBCC6100E8E9C6 /* Debug */ = {
			isa = XCBuildConfiguration;
			baseConfigurationReference = 1A63657D9626345E468AA028 /* Pods-ReceiptManager.debug.xcconfig */;
			buildSettings = {
				ASSETCATALOG_COMPILER_APPICON_NAME = AppIcon;
				ASSETCATALOG_COMPILER_GLOBAL_ACCENT_COLOR_NAME = AccentColor;
				CODE_SIGN_STYLE = Automatic;
				CURRENT_PROJECT_VERSION = 2312220130;
				DEVELOPMENT_TEAM = ZRLFU9PV5L;
				GENERATE_INFOPLIST_FILE = YES;
				INFOPLIST_FILE = ReceiptManager/Resource/Info.plist;
				INFOPLIST_KEY_CFBundleDisplayName = CFBundleDisplayName;
				INFOPLIST_KEY_LSApplicationCategoryType = "public.app-category.finance";
				INFOPLIST_KEY_NSCameraUsageDescription = NSCameraUsageDescription;
				INFOPLIST_KEY_NSPhotoLibraryUsageDescription = NSPhotoLibraryUsageDescription;
				INFOPLIST_KEY_NSUserTrackingUsageDescription = NSUserTrackingUsageDescription;
				INFOPLIST_KEY_UIApplicationSupportsIndirectInputEvents = YES;
				INFOPLIST_KEY_UILaunchStoryboardName = LaunchScreen.storyboard;
				INFOPLIST_KEY_UIStatusBarStyle = UIStatusBarStyleDefault;
				INFOPLIST_KEY_UISupportedInterfaceOrientations = UIInterfaceOrientationPortrait;
				INFOPLIST_KEY_UISupportedInterfaceOrientations_iPad = "UIInterfaceOrientationPortrait UIInterfaceOrientationPortraitUpsideDown";
				INFOPLIST_KEY_UIUserInterfaceStyle = Automatic;
				IPHONEOS_DEPLOYMENT_TARGET = 14.0;
				LD_RUNPATH_SEARCH_PATHS = (
					"$(inherited)",
					"@executable_path/Frameworks",
				);
				MARKETING_VERSION = 2.0.0;
				PRODUCT_BUNDLE_IDENTIFIER = com.PakHyo.ReceiptManager;
				PRODUCT_NAME = "$(TARGET_NAME)";
				SUPPORTED_PLATFORMS = "iphoneos iphonesimulator";
				SUPPORTS_MACCATALYST = NO;
				SUPPORTS_MAC_DESIGNED_FOR_IPHONE_IPAD = NO;
				SWIFT_EMIT_LOC_STRINGS = YES;
				SWIFT_VERSION = 5.0;
				TARGETED_DEVICE_FAMILY = 1;
			};
			name = Debug;
		};
		3C2E18EB29FBCC6100E8E9C6 /* Release */ = {
			isa = XCBuildConfiguration;
			baseConfigurationReference = 0DEC07D71F2903D2A0731BC0 /* Pods-ReceiptManager.release.xcconfig */;
			buildSettings = {
				ASSETCATALOG_COMPILER_APPICON_NAME = AppIcon;
				ASSETCATALOG_COMPILER_GLOBAL_ACCENT_COLOR_NAME = AccentColor;
				CODE_SIGN_STYLE = Automatic;
				CURRENT_PROJECT_VERSION = 2312220130;
				DEVELOPMENT_TEAM = ZRLFU9PV5L;
				GENERATE_INFOPLIST_FILE = YES;
				INFOPLIST_FILE = ReceiptManager/Resource/Info.plist;
				INFOPLIST_KEY_CFBundleDisplayName = CFBundleDisplayName;
				INFOPLIST_KEY_LSApplicationCategoryType = "public.app-category.finance";
				INFOPLIST_KEY_NSCameraUsageDescription = NSCameraUsageDescription;
				INFOPLIST_KEY_NSPhotoLibraryUsageDescription = NSPhotoLibraryUsageDescription;
				INFOPLIST_KEY_NSUserTrackingUsageDescription = NSUserTrackingUsageDescription;
				INFOPLIST_KEY_UIApplicationSupportsIndirectInputEvents = YES;
				INFOPLIST_KEY_UILaunchStoryboardName = LaunchScreen.storyboard;
				INFOPLIST_KEY_UIStatusBarStyle = UIStatusBarStyleDefault;
				INFOPLIST_KEY_UISupportedInterfaceOrientations = UIInterfaceOrientationPortrait;
				INFOPLIST_KEY_UISupportedInterfaceOrientations_iPad = "UIInterfaceOrientationPortrait UIInterfaceOrientationPortraitUpsideDown";
				INFOPLIST_KEY_UIUserInterfaceStyle = Automatic;
				IPHONEOS_DEPLOYMENT_TARGET = 14.0;
				LD_RUNPATH_SEARCH_PATHS = (
					"$(inherited)",
					"@executable_path/Frameworks",
				);
				MARKETING_VERSION = 2.0.0;
				PRODUCT_BUNDLE_IDENTIFIER = com.PakHyo.ReceiptManager;
				PRODUCT_NAME = "$(TARGET_NAME)";
				SUPPORTED_PLATFORMS = "iphoneos iphonesimulator";
				SUPPORTS_MACCATALYST = NO;
				SUPPORTS_MAC_DESIGNED_FOR_IPHONE_IPAD = NO;
				SWIFT_EMIT_LOC_STRINGS = YES;
				SWIFT_VERSION = 5.0;
				TARGETED_DEVICE_FAMILY = 1;
			};
			name = Release;
		};
/* End XCBuildConfiguration section */

/* Begin XCConfigurationList section */
		3C0752932B298E0600C58066 /* Build configuration list for PBXNativeTarget "ReceiptManagerTests" */ = {
			isa = XCConfigurationList;
			buildConfigurations = (
				3C0752912B298E0600C58066 /* Debug */,
				3C0752922B298E0600C58066 /* Release */,
			);
			defaultConfigurationIsVisible = 0;
			defaultConfigurationName = Release;
		};
		3C2E18CD29FBCC5F00E8E9C6 /* Build configuration list for PBXProject "ReceiptManager" */ = {
			isa = XCConfigurationList;
			buildConfigurations = (
				3C2E18E729FBCC6100E8E9C6 /* Debug */,
				3C2E18E829FBCC6100E8E9C6 /* Release */,
			);
			defaultConfigurationIsVisible = 0;
			defaultConfigurationName = Release;
		};
		3C2E18E929FBCC6100E8E9C6 /* Build configuration list for PBXNativeTarget "ReceiptManager" */ = {
			isa = XCConfigurationList;
			buildConfigurations = (
				3C2E18EA29FBCC6100E8E9C6 /* Debug */,
				3C2E18EB29FBCC6100E8E9C6 /* Release */,
			);
			defaultConfigurationIsVisible = 0;
			defaultConfigurationName = Release;
		};
/* End XCConfigurationList section */

/* Begin XCVersionGroup section */
		3C2E18DE29FBCC5F00E8E9C6 /* ReceiptManager.xcdatamodeld */ = {
			isa = XCVersionGroup;
			children = (
				3CAB95782AE8EB4500BD0839 /* ReceiptManager v2.xcdatamodel */,
				3C2E18DF29FBCC5F00E8E9C6 /* ReceiptManager.xcdatamodel */,
			);
			currentVersion = 3CAB95782AE8EB4500BD0839 /* ReceiptManager v2.xcdatamodel */;
			path = ReceiptManager.xcdatamodeld;
			sourceTree = "<group>";
			versionGroupType = wrapper.xcdatamodel;
		};
/* End XCVersionGroup section */
	};
	rootObject = 3C2E18CA29FBCC5F00E8E9C6 /* Project object */;
}
